// !$*UTF8*$!
{
	archiveVersion = 1;
	classes = {
	};
	objectVersion = 50;
	objects = {

/* Begin PBXBuildFile section */
		BBDB9611261CF7E6006884CA /* AppDelegate.swift in Sources */ = {isa = PBXBuildFile; fileRef = BBDB9610261CF7E6006884CA /* AppDelegate.swift */; };
		BBDB9613261CF7E6006884CA /* SceneDelegate.swift in Sources */ = {isa = PBXBuildFile; fileRef = BBDB9612261CF7E6006884CA /* SceneDelegate.swift */; };
		BBDB9615261CF7E6006884CA /* ViewController.swift in Sources */ = {isa = PBXBuildFile; fileRef = BBDB9614261CF7E6006884CA /* ViewController.swift */; };
		BBDB9618261CF7E6006884CA /* Main.storyboard in Resources */ = {isa = PBXBuildFile; fileRef = BBDB9616261CF7E6006884CA /* Main.storyboard */; };
		BBDB961A261CF7E8006884CA /* Assets.xcassets in Resources */ = {isa = PBXBuildFile; fileRef = BBDB9619261CF7E8006884CA /* Assets.xcassets */; };
		BBDB961D261CF7E8006884CA /* LaunchScreen.storyboard in Resources */ = {isa = PBXBuildFile; fileRef = BBDB961B261CF7E8006884CA /* LaunchScreen.storyboard */; };
/* End PBXBuildFile section */

/* Begin PBXFileReference section */
		BBDB960D261CF7E6006884CA /* MulticolorAttributedStringTest.app */ = {isa = PBXFileReference; explicitFileType = wrapper.application; includeInIndex = 0; path = MulticolorAttributedStringTest.app; sourceTree = BUILT_PRODUCTS_DIR; };
		BBDB9610261CF7E6006884CA /* AppDelegate.swift */ = {isa = PBXFileReference; lastKnownFileType = sourcecode.swift; path = AppDelegate.swift; sourceTree = "<group>"; };
		BBDB9612261CF7E6006884CA /* SceneDelegate.swift */ = {isa = PBXFileReference; lastKnownFileType = sourcecode.swift; path = SceneDelegate.swift; sourceTree = "<group>"; };
		BBDB9614261CF7E6006884CA /* ViewController.swift */ = {isa = PBXFileReference; lastKnownFileType = sourcecode.swift; path = ViewController.swift; sourceTree = "<group>"; };
		BBDB9617261CF7E6006884CA /* Base */ = {isa = PBXFileReference; lastKnownFileType = file.storyboard; name = Base; path = Base.lproj/Main.storyboard; sourceTree = "<group>"; };
		BBDB9619261CF7E8006884CA /* Assets.xcassets */ = {isa = PBXFileReference; lastKnownFileType = folder.assetcatalog; path = Assets.xcassets; sourceTree = "<group>"; };
		BBDB961C261CF7E8006884CA /* Base */ = {isa = PBXFileReference; lastKnownFileType = file.storyboard; name = Base; path = Base.lproj/LaunchScreen.storyboard; sourceTree = "<group>"; };
		BBDB961E261CF7E8006884CA /* Info.plist */ = {isa = PBXFileReference; lastKnownFileType = text.plist.xml; path = Info.plist; sourceTree = "<group>"; };
/* End PBXFileReference section */

/* Begin PBXFrameworksBuildPhase section */
		BBDB960A261CF7E6006884CA /* Frameworks */ = {
			isa = PBXFrameworksBuildPhase;
			buildActionMask = 2147483647;
			files = (
			);
			runOnlyForDeploymentPostprocessing = 0;
		};
/* End PBXFrameworksBuildPhase section */

/* Begin PBXGroup section */
		BB8EF5F52707B7300008D97D /* Garbage */ = {
			isa = PBXGroup;
			children = (
				BBDB9619261CF7E8006884CA /* Assets.xcassets */,
				BBDB961B261CF7E8006884CA /* LaunchScreen.storyboard */,
				BBDB961E261CF7E8006884CA /* Info.plist */,
				BBDB9610261CF7E6006884CA /* AppDelegate.swift */,
				BBDB9612261CF7E6006884CA /* SceneDelegate.swift */,
			);
			name = Garbage;
			sourceTree = "<group>";
		};
		BBDB9604261CF7E6006884CA = {
			isa = PBXGroup;
			children = (
				BBDB960F261CF7E6006884CA /* MulticolorAttributedStringTest */,
				BBDB960E261CF7E6006884CA /* Products */,
			);
			sourceTree = "<group>";
		};
		BBDB960E261CF7E6006884CA /* Products */ = {
			isa = PBXGroup;
			children = (
				BBDB960D261CF7E6006884CA /* MulticolorAttributedStringTest.app */,
			);
			name = Products;
			sourceTree = "<group>";
		};
		BBDB960F261CF7E6006884CA /* MulticolorAttributedStringTest */ = {
			isa = PBXGroup;
			children = (
				BB8EF5F52707B7300008D97D /* Garbage */,
				BBDB9616261CF7E6006884CA /* Main.storyboard */,
				BBDB9614261CF7E6006884CA /* ViewController.swift */,
			);
			path = MulticolorAttributedStringTest;
			sourceTree = "<group>";
		};
/* End PBXGroup section */

/* Begin PBXNativeTarget section */
		BBDB960C261CF7E6006884CA /* MulticolorAttributedStringTest */ = {
			isa = PBXNativeTarget;
			buildConfigurationList = BBDB9621261CF7E8006884CA /* Build configuration list for PBXNativeTarget "MulticolorAttributedStringTest" */;
			buildPhases = (
				BBDB9609261CF7E6006884CA /* Sources */,
				BBDB960A261CF7E6006884CA /* Frameworks */,
				BBDB960B261CF7E6006884CA /* Resources */,
			);
			buildRules = (
			);
			dependencies = (
			);
			name = MulticolorAttributedStringTest;
			productName = MulticolorAttributedStringTest;
			productReference = BBDB960D261CF7E6006884CA /* MulticolorAttributedStringTest.app */;
			productType = "com.apple.product-type.application";
		};
/* End PBXNativeTarget section */

/* Begin PBXProject section */
		BBDB9605261CF7E6006884CA /* Project object */ = {
			isa = PBXProject;
			attributes = {
				LastSwiftUpdateCheck = 1240;
				LastUpgradeCheck = 1240;
				TargetAttributes = {
					BBDB960C261CF7E6006884CA = {
						CreatedOnToolsVersion = 12.4;
					};
				};
			};
			buildConfigurationList = BBDB9608261CF7E6006884CA /* Build configuration list for PBXProject "MulticolorAttributedStringTest" */;
			compatibilityVersion = "Xcode 9.3";
			developmentRegion = en;
			hasScannedForEncodings = 0;
			knownRegions = (
				en,
				Base,
			);
			mainGroup = BBDB9604261CF7E6006884CA;
			productRefGroup = BBDB960E261CF7E6006884CA /* Products */;
			projectDirPath = "";
			projectRoot = "";
			targets = (
				BBDB960C261CF7E6006884CA /* MulticolorAttributedStringTest */,
			);
		};
/* End PBXProject section */

/* Begin PBXResourcesBuildPhase section */
		BBDB960B261CF7E6006884CA /* Resources */ = {
			isa = PBXResourcesBuildPhase;
			buildActionMask = 2147483647;
			files = (
				BBDB961D261CF7E8006884CA /* LaunchScreen.storyboard in Resources */,
				BBDB961A261CF7E8006884CA /* Assets.xcassets in Resources */,
				BBDB9618261CF7E6006884CA /* Main.storyboard in Resources */,
			);
			runOnlyForDeploymentPostprocessing = 0;
		};
/* End PBXResourcesBuildPhase section */

/* Begin PBXSourcesBuildPhase section */
		BBDB9609261CF7E6006884CA /* Sources */ = {
			isa = PBXSourcesBuildPhase;
			buildActionMask = 2147483647;
			files = (
				BBDB9615261CF7E6006884CA /* ViewController.swift in Sources */,
				BBDB9611261CF7E6006884CA /* AppDelegate.swift in Sources */,
				BBDB9613261CF7E6006884CA /* SceneDelegate.swift in Sources */,
			);
			runOnlyForDeploymentPostprocessing = 0;
		};
/* End PBXSourcesBuildPhase section */

/* Begin PBXVariantGroup section */
		BBDB9616261CF7E6006884CA /* Main.storyboard */ = {
			isa = PBXVariantGroup;
			children = (
				BBDB9617261CF7E6006884CA /* Base */,
			);
			name = Main.storyboard;
			sourceTree = "<group>";
		};
		BBDB961B261CF7E8006884CA /* LaunchScreen.storyboard */ = {
			isa = PBXVariantGroup;
			children = (
				BBDB961C261CF7E8006884CA /* Base */,
			);
			name = LaunchScreen.storyboard;
			sourceTree = "<group>";
		};
/* End PBXVariantGroup section */

/* Begin XCBuildConfiguration section */
		BBDB961F261CF7E8006884CA /* Debug */ = {
			isa = XCBuildConfiguration;
			buildSettings = {
				ALWAYS_SEARCH_USER_PATHS = NO;
				CLANG_ANALYZER_NONNULL = YES;
				CLANG_ANALYZER_NUMBER_OBJECT_CONVERSION = YES_AGGRESSIVE;
				CLANG_CXX_LANGUAGE_STANDARD = "gnu++14";
				CLANG_CXX_LIBRARY = "libc++";
				CLANG_ENABLE_MODULES = YES;
				CLANG_ENABLE_OBJC_ARC = YES;
				CLANG_ENABLE_OBJC_WEAK = YES;
				CLANG_WARN_BLOCK_CAPTURE_AUTORELEASING = YES;
				CLANG_WARN_BOOL_CONVERSION = YES;
				CLANG_WARN_COMMA = YES;
				CLANG_WARN_CONSTANT_CONVERSION = YES;
				CLANG_WARN_DEPRECATED_OBJC_IMPLEMENTATIONS = YES;
				CLANG_WARN_DIRECT_OBJC_ISA_USAGE = YES_ERROR;
				CLANG_WARN_DOCUMENTATION_COMMENTS = YES;
				CLANG_WARN_EMPTY_BODY = YES;
				CLANG_WARN_ENUM_CONVERSION = YES;
				CLANG_WARN_INFINITE_RECURSION = YES;
				CLANG_WARN_INT_CONVERSION = YES;
				CLANG_WARN_NON_LITERAL_NULL_CONVERSION = YES;
				CLANG_WARN_OBJC_IMPLICIT_RETAIN_SELF = YES;
				CLANG_WARN_OBJC_LITERAL_CONVERSION = YES;
				CLANG_WARN_OBJC_ROOT_CLASS = YES_ERROR;
				CLANG_WARN_QUOTED_INCLUDE_IN_FRAMEWORK_HEADER = YES;
				CLANG_WARN_RANGE_LOOP_ANALYSIS = YES;
				CLANG_WARN_STRICT_PROTOTYPES = YES;
				CLANG_WARN_SUSPICIOUS_MOVE = YES;
				CLANG_WARN_UNGUARDED_AVAILABILITY = YES_AGGRESSIVE;
				CLANG_WARN_UNREACHABLE_CODE = YES;
				CLANG_WARN__DUPLICATE_METHOD_MATCH = YES;
				COPY_PHASE_STRIP = NO;
				DEBUG_INFORMATION_FORMAT = dwarf;
				ENABLE_STRICT_OBJC_MSGSEND = YES;
				ENABLE_TESTABILITY = YES;
				GCC_C_LANGUAGE_STANDARD = gnu11;
				GCC_DYNAMIC_NO_PIC = NO;
				GCC_NO_COMMON_BLOCKS = YES;
				GCC_OPTIMIZATION_LEVEL = 0;
				GCC_PREPROCESSOR_DEFINITIONS = (
					"DEBUG=1",
					"$(inherited)",
				);
				GCC_WARN_64_TO_32_BIT_CONVERSION = YES;
				GCC_WARN_ABOUT_RETURN_TYPE = YES_ERROR;
				GCC_WARN_UNDECLARED_SELECTOR = YES;
				GCC_WARN_UNINITIALIZED_AUTOS = YES_AGGRESSIVE;
				GCC_WARN_UNUSED_FUNCTION = YES;
				GCC_WARN_UNUSED_VARIABLE = YES;
				IPHONEOS_DEPLOYMENT_TARGET = 14.4;
				MTL_ENABLE_DEBUG_INFO = INCLUDE_SOURCE;
				MTL_FAST_MATH = YES;
				ONLY_ACTIVE_ARCH = YES;
				SDKROOT = iphoneos;
				SWIFT_ACTIVE_COMPILATION_CONDITIONS = DEBUG;
				SWIFT_OPTIMIZATION_LEVEL = "-Onone";
			};
			name = Debug;
		};
		BBDB9620261CF7E8006884CA /* Release */ = {
			isa = XCBuildConfiguration;
			buildSettings = {
				ALWAYS_SEARCH_USER_PATHS = NO;
				CLANG_ANALYZER_NONNULL = YES;
				CLANG_ANALYZER_NUMBER_OBJECT_CONVERSION = YES_AGGRESSIVE;
				CLANG_CXX_LANGUAGE_STANDARD = "gnu++14";
				CLANG_CXX_LIBRARY = "libc++";
				CLANG_ENABLE_MODULES = YES;
				CLANG_ENABLE_OBJC_ARC = YES;
				CLANG_ENABLE_OBJC_WEAK = YES;
				CLANG_WARN_BLOCK_CAPTURE_AUTORELEASING = YES;
				CLANG_WARN_BOOL_CONVERSION = YES;
				CLANG_WARN_COMMA = YES;
				CLANG_WARN_CONSTANT_CONVERSION = YES;
				CLANG_WARN_DEPRECATED_OBJC_IMPLEMENTATIONS = YES;
				CLANG_WARN_DIRECT_OBJC_ISA_USAGE = YES_ERROR;
				CLANG_WARN_DOCUMENTATION_COMMENTS = YES;
				CLANG_WARN_EMPTY_BODY = YES;
				CLANG_WARN_ENUM_CONVERSION = YES;
				CLANG_WARN_INFINITE_RECURSION = YES;
				CLANG_WARN_INT_CONVERSION = YES;
				CLANG_WARN_NON_LITERAL_NULL_CONVERSION = YES;
				CLANG_WARN_OBJC_IMPLICIT_RETAIN_SELF = YES;
				CLANG_WARN_OBJC_LITERAL_CONVERSION = YES;
				CLANG_WARN_OBJC_ROOT_CLASS = YES_ERROR;
				CLANG_WARN_QUOTED_INCLUDE_IN_FRAMEWORK_HEADER = YES;
				CLANG_WARN_RANGE_LOOP_ANALYSIS = YES;
				CLANG_WARN_STRICT_PROTOTYPES = YES;
				CLANG_WARN_SUSPICIOUS_MOVE = YES;
				CLANG_WARN_UNGUARDED_AVAILABILITY = YES_AGGRESSIVE;
				CLANG_WARN_UNREACHABLE_CODE = YES;
				CLANG_WARN__DUPLICATE_METHOD_MATCH = YES;
				COPY_PHASE_STRIP = NO;
				DEBUG_INFORMATION_FORMAT = "dwarf-with-dsym";
				ENABLE_NS_ASSERTIONS = NO;
				ENABLE_STRICT_OBJC_MSGSEND = YES;
				GCC_C_LANGUAGE_STANDARD = gnu11;
				GCC_NO_COMMON_BLOCKS = YES;
				GCC_WARN_64_TO_32_BIT_CONVERSION = YES;
				GCC_WARN_ABOUT_RETURN_TYPE = YES_ERROR;
				GCC_WARN_UNDECLARED_SELECTOR = YES;
				GCC_WARN_UNINITIALIZED_AUTOS = YES_AGGRESSIVE;
				GCC_WARN_UNUSED_FUNCTION = YES;
				GCC_WARN_UNUSED_VARIABLE = YES;
				IPHONEOS_DEPLOYMENT_TARGET = 14.4;
				MTL_ENABLE_DEBUG_INFO = NO;
				MTL_FAST_MATH = YES;
				SDKROOT = iphoneos;
				SWIFT_COMPILATION_MODE = wholemodule;
				SWIFT_OPTIMIZATION_LEVEL = "-O";
				VALIDATE_PRODUCT = YES;
			};
			name = Release;
		};
		BBDB9622261CF7E8006884CA /* Debug */ = {
			isa = XCBuildConfiguration;
			buildSettings = {
				ASSETCATALOG_COMPILER_APPICON_NAME = AppIcon;
				ASSETCATALOG_COMPILER_GLOBAL_ACCENT_COLOR_NAME = AccentColor;
				CODE_SIGN_STYLE = Automatic;
				DEVELOPMENT_TEAM = UL3RBMBKF2;
				INFOPLIST_FILE = MulticolorAttributedStringTest/Info.plist;
				LD_RUNPATH_SEARCH_PATHS = (
					"$(inherited)",
					"@executable_path/Frameworks",
				);
				PRODUCT_BUNDLE_IDENTIFIER = com.gah.MulticolorAttributedStringTest;
				PRODUCT_NAME = "$(TARGET_NAME)";
				SWIFT_VERSION = 5.0;
				TARGETED_DEVICE_FAMILY = "1,2";
			};
			name = Debug;
		};
		BBDB9623261CF7E8006884CA /* Release */ = {
			isa = XCBuildConfiguration;
			buildSettings = {
				ASSETCATALOG_COMPILER_APPICON_NAME = AppIcon;
				ASSETCATALOG_COMPILER_GLOBAL_ACCENT_COLOR_NAME = AccentColor;
				CODE_SIGN_STYLE = Automatic;
				DEVELOPMENT_TEAM = UL3RBMBKF2;
				INFOPLIST_FILE = MulticolorAttributedStringTest/Info.plist;
				LD_RUNPATH_SEARCH_PATHS = (
					"$(inherited)",
					"@executable_path/Frameworks",
				);
				PRODUCT_BUNDLE_IDENTIFIER = com.gah.MulticolorAttributedStringTest;
				PRODUCT_NAME = "$(TARGET_NAME)";
				SWIFT_VERSION = 5.0;
				TARGETED_DEVICE_FAMILY = "1,2";
			};
			name = Release;
		};
/* End XCBuildConfiguration section */

/* Begin XCConfigurationList section */
		BBDB9608261CF7E6006884CA /* Build configuration list for PBXProject "MulticolorAttributedStringTest" */ = {
			isa = XCConfigurationList;
			buildConfigurations = (
				BBDB961F261CF7E8006884CA /* Debug */,
				BBDB9620261CF7E8006884CA /* Release */,
			);
			defaultConfigurationIsVisible = 0;
			defaultConfigurationName = Release;
		};
		BBDB9621261CF7E8006884CA /* Build configuration list for PBXNativeTarget "MulticolorAttributedStringTest" */ = {
			isa = XCConfigurationList;
			buildConfigurations = (
				BBDB9622261CF7E8006884CA /* Debug */,
				BBDB9623261CF7E8006884CA /* Release */,
			);
			defaultConfigurationIsVisible = 0;
			defaultConfigurationName = Release;
		};
/* End XCConfigurationList section */
	};
	rootObject = BBDB9605261CF7E6006884CA /* Project object */;
}
