// !$*UTF8*$!
{
	archiveVersion = 1;
	classes = {
	};
	objectVersion = 56;
	objects = {

/* Begin PBXBuildFile section */
		BB992D812A4C671A00282027 /* AppDelegate.swift in Sources */ = {isa = PBXBuildFile; fileRef = BB992D802A4C671A00282027 /* AppDelegate.swift */; };
		BB992D832A4C671A00282027 /* SceneDelegate.swift in Sources */ = {isa = PBXBuildFile; fileRef = BB992D822A4C671A00282027 /* SceneDelegate.swift */; };
		BB992D852A4C671A00282027 /* GalleryViewController.swift in Sources */ = {isa = PBXBuildFile; fileRef = BB992D842A4C671A00282027 /* GalleryViewController.swift */; };
		BB992D882A4C671A00282027 /* Main.storyboard in Resources */ = {isa = PBXBuildFile; fileRef = BB992D862A4C671A00282027 /* Main.storyboard */; };
		BB992D8A2A4C671C00282027 /* Assets.xcassets in Resources */ = {isa = PBXBuildFile; fileRef = BB992D892A4C671C00282027 /* Assets.xcassets */; };
		BB992D8D2A4C671C00282027 /* LaunchScreen.storyboard in Resources */ = {isa = PBXBuildFile; fileRef = BB992D8B2A4C671C00282027 /* LaunchScreen.storyboard */; };
		BB992D962A4C67A100282027 /* Nuke in Frameworks */ = {isa = PBXBuildFile; productRef = BB992D952A4C67A100282027 /* Nuke */; };
		BB992D982A4C67A100282027 /* NukeExtensions in Frameworks */ = {isa = PBXBuildFile; productRef = BB992D972A4C67A100282027 /* NukeExtensions */; };
		BB992D9A2A4C67A100282027 /* NukeUI in Frameworks */ = {isa = PBXBuildFile; productRef = BB992D992A4C67A100282027 /* NukeUI */; };
		BB992D9C2A4C67FA00282027 /* ImageDetailViewController.swift in Sources */ = {isa = PBXBuildFile; fileRef = BB992D9B2A4C67FA00282027 /* ImageDetailViewController.swift */; };
		BB992DA02A4C68FE00282027 /* GalleryImage.swift in Sources */ = {isa = PBXBuildFile; fileRef = BB992D9F2A4C68FE00282027 /* GalleryImage.swift */; };
/* End PBXBuildFile section */

/* Begin PBXFileReference section */
		BB992D7D2A4C671A00282027 /* FoxProject.app */ = {isa = PBXFileReference; explicitFileType = wrapper.application; includeInIndex = 0; path = FoxProject.app; sourceTree = BUILT_PRODUCTS_DIR; };
		BB992D802A4C671A00282027 /* AppDelegate.swift */ = {isa = PBXFileReference; lastKnownFileType = sourcecode.swift; path = AppDelegate.swift; sourceTree = "<group>"; };
		BB992D822A4C671A00282027 /* SceneDelegate.swift */ = {isa = PBXFileReference; lastKnownFileType = sourcecode.swift; path = SceneDelegate.swift; sourceTree = "<group>"; };
		BB992D842A4C671A00282027 /* GalleryViewController.swift */ = {isa = PBXFileReference; lastKnownFileType = sourcecode.swift; path = GalleryViewController.swift; sourceTree = "<group>"; };
		BB992D872A4C671A00282027 /* Base */ = {isa = PBXFileReference; lastKnownFileType = file.storyboard; name = Base; path = Base.lproj/Main.storyboard; sourceTree = "<group>"; };
		BB992D892A4C671C00282027 /* Assets.xcassets */ = {isa = PBXFileReference; lastKnownFileType = folder.assetcatalog; path = Assets.xcassets; sourceTree = "<group>"; };
		BB992D8C2A4C671C00282027 /* Base */ = {isa = PBXFileReference; lastKnownFileType = file.storyboard; name = Base; path = Base.lproj/LaunchScreen.storyboard; sourceTree = "<group>"; };
		BB992D8E2A4C671C00282027 /* Info.plist */ = {isa = PBXFileReference; lastKnownFileType = text.plist.xml; path = Info.plist; sourceTree = "<group>"; };
		BB992D9B2A4C67FA00282027 /* ImageDetailViewController.swift */ = {isa = PBXFileReference; lastKnownFileType = sourcecode.swift; path = ImageDetailViewController.swift; sourceTree = "<group>"; };
		BB992D9F2A4C68FE00282027 /* GalleryImage.swift */ = {isa = PBXFileReference; lastKnownFileType = sourcecode.swift; path = GalleryImage.swift; sourceTree = "<group>"; };
/* End PBXFileReference section */

/* Begin PBXFrameworksBuildPhase section */
		BB992D7A2A4C671A00282027 /* Frameworks */ = {
			isa = PBXFrameworksBuildPhase;
			buildActionMask = 2147483647;
			files = (
				BB992D9A2A4C67A100282027 /* NukeUI in Frameworks */,
				BB992D962A4C67A100282027 /* Nuke in Frameworks */,
				BB992D982A4C67A100282027 /* NukeExtensions in Frameworks */,
			);
			runOnlyForDeploymentPostprocessing = 0;
		};
/* End PBXFrameworksBuildPhase section */

/* Begin PBXGroup section */
		BB992D742A4C671A00282027 = {
			isa = PBXGroup;
			children = (
				BB992D7F2A4C671A00282027 /* FoxProject */,
				BB992D7E2A4C671A00282027 /* Products */,
			);
			sourceTree = "<group>";
		};
		BB992D7E2A4C671A00282027 /* Products */ = {
			isa = PBXGroup;
			children = (
				BB992D7D2A4C671A00282027 /* FoxProject.app */,
			);
			name = Products;
			sourceTree = "<group>";
		};
		BB992D7F2A4C671A00282027 /* FoxProject */ = {
			isa = PBXGroup;
			children = (
				BB992D862A4C671A00282027 /* Main.storyboard */,
				BB992DA32A4C785300282027 /* Source */,
				BB992DA12A4C783800282027 /* Supporting Files */,
			);
			path = FoxProject;
			sourceTree = "<group>";
		};
		BB992DA12A4C783800282027 /* Supporting Files */ = {
			isa = PBXGroup;
			children = (
				BB992D802A4C671A00282027 /* AppDelegate.swift */,
				BB992D822A4C671A00282027 /* SceneDelegate.swift */,
				BB992D892A4C671C00282027 /* Assets.xcassets */,
				BB992D8B2A4C671C00282027 /* LaunchScreen.storyboard */,
				BB992D8E2A4C671C00282027 /* Info.plist */,
			);
			name = "Supporting Files";
			sourceTree = "<group>";
		};
		BB992DA32A4C785300282027 /* Source */ = {
			isa = PBXGroup;
			children = (
				BB992DA52A4C786700282027 /* Features */,
				BB992DA42A4C785900282027 /* Models */,
			);
			path = Source;
			sourceTree = "<group>";
		};
		BB992DA42A4C785900282027 /* Models */ = {
			isa = PBXGroup;
			children = (
				BB992D9F2A4C68FE00282027 /* GalleryImage.swift */,
			);
			path = Models;
			sourceTree = "<group>";
		};
		BB992DA52A4C786700282027 /* Features */ = {
			isa = PBXGroup;
			children = (
				BB992D9B2A4C67FA00282027 /* ImageDetailViewController.swift */,
				BB992D842A4C671A00282027 /* GalleryViewController.swift */,
			);
			path = Features;
			sourceTree = "<group>";
		};
/* End PBXGroup section */

/* Begin PBXNativeTarget section */
		BB992D7C2A4C671A00282027 /* FoxProject */ = {
			isa = PBXNativeTarget;
			buildConfigurationList = BB992D912A4C671C00282027 /* Build configuration list for PBXNativeTarget "FoxProject" */;
			buildPhases = (
				BB992D792A4C671A00282027 /* Sources */,
				BB992D7A2A4C671A00282027 /* Frameworks */,
				BB992D7B2A4C671A00282027 /* Resources */,
			);
			buildRules = (
			);
			dependencies = (
			);
			name = FoxProject;
			packageProductDependencies = (
				BB992D952A4C67A100282027 /* Nuke */,
				BB992D972A4C67A100282027 /* NukeExtensions */,
				BB992D992A4C67A100282027 /* NukeUI */,
			);
			productName = FoxProject;
			productReference = BB992D7D2A4C671A00282027 /* FoxProject.app */;
			productType = "com.apple.product-type.application";
		};
/* End PBXNativeTarget section */

/* Begin PBXProject section */
		BB992D752A4C671A00282027 /* Project object */ = {
			isa = PBXProject;
			attributes = {
				BuildIndependentTargetsInParallel = 1;
				LastSwiftUpdateCheck = 1420;
				LastUpgradeCheck = 1420;
				TargetAttributes = {
					BB992D7C2A4C671A00282027 = {
						CreatedOnToolsVersion = 14.2;
					};
				};
			};
			buildConfigurationList = BB992D782A4C671A00282027 /* Build configuration list for PBXProject "FoxProject" */;
			compatibilityVersion = "Xcode 14.0";
			developmentRegion = en;
			hasScannedForEncodings = 0;
			knownRegions = (
				en,
				Base,
			);
			mainGroup = BB992D742A4C671A00282027;
			packageReferences = (
				BB992D942A4C67A100282027 /* XCRemoteSwiftPackageReference "Nuke" */,
			);
			productRefGroup = BB992D7E2A4C671A00282027 /* Products */;
			projectDirPath = "";
			projectRoot = "";
			targets = (
				BB992D7C2A4C671A00282027 /* FoxProject */,
			);
		};
/* End PBXProject section */

/* Begin PBXResourcesBuildPhase section */
		BB992D7B2A4C671A00282027 /* Resources */ = {
			isa = PBXResourcesBuildPhase;
			buildActionMask = 2147483647;
			files = (
				BB992D8D2A4C671C00282027 /* LaunchScreen.storyboard in Resources */,
				BB992D8A2A4C671C00282027 /* Assets.xcassets in Resources */,
				BB992D882A4C671A00282027 /* Main.storyboard in Resources */,
			);
			runOnlyForDeploymentPostprocessing = 0;
		};
/* End PBXResourcesBuildPhase section */

/* Begin PBXSourcesBuildPhase section */
		BB992D792A4C671A00282027 /* Sources */ = {
			isa = PBXSourcesBuildPhase;
			buildActionMask = 2147483647;
			files = (
				BB992D852A4C671A00282027 /* GalleryViewController.swift in Sources */,
				BB992D812A4C671A00282027 /* AppDelegate.swift in Sources */,
				BB992DA02A4C68FE00282027 /* GalleryImage.swift in Sources */,
				BB992D832A4C671A00282027 /* SceneDelegate.swift in Sources */,
				BB992D9C2A4C67FA00282027 /* ImageDetailViewController.swift in Sources */,
			);
			runOnlyForDeploymentPostprocessing = 0;
		};
/* End PBXSourcesBuildPhase section */

/* Begin PBXVariantGroup section */
		BB992D862A4C671A00282027 /* Main.storyboard */ = {
			isa = PBXVariantGroup;
			children = (
				BB992D872A4C671A00282027 /* Base */,
			);
			name = Main.storyboard;
			sourceTree = "<group>";
		};
		BB992D8B2A4C671C00282027 /* LaunchScreen.storyboard */ = {
			isa = PBXVariantGroup;
			children = (
				BB992D8C2A4C671C00282027 /* Base */,
			);
			name = LaunchScreen.storyboard;
			sourceTree = "<group>";
		};
/* End PBXVariantGroup section */

/* Begin XCBuildConfiguration section */
		BB992D8F2A4C671C00282027 /* Debug */ = {
			isa = XCBuildConfiguration;
			buildSettings = {
				ALWAYS_SEARCH_USER_PATHS = NO;
				CLANG_ANALYZER_NONNULL = YES;
				CLANG_ANALYZER_NUMBER_OBJECT_CONVERSION = YES_AGGRESSIVE;
				CLANG_CXX_LANGUAGE_STANDARD = "gnu++20";
				CLANG_ENABLE_MODULES = YES;
				CLANG_ENABLE_OBJC_ARC = YES;
				CLANG_ENABLE_OBJC_WEAK = YES;
				CLANG_WARN_BLOCK_CAPTURE_AUTORELEASING = YES;
				CLANG_WARN_BOOL_CONVERSION = YES;
				CLANG_WARN_COMMA = YES;
				CLANG_WARN_CONSTANT_CONVERSION = YES;
				CLANG_WARN_DEPRECATED_OBJC_IMPLEMENTATIONS = YES;
				CLANG_WARN_DIRECT_OBJC_ISA_USAGE = YES_ERROR;
				CLANG_WARN_DOCUMENTATION_COMMENTS = YES;
				CLANG_WARN_EMPTY_BODY = YES;
				CLANG_WARN_ENUM_CONVERSION = YES;
				CLANG_WARN_INFINITE_RECURSION = YES;
				CLANG_WARN_INT_CONVERSION = YES;
				CLANG_WARN_NON_LITERAL_NULL_CONVERSION = YES;
				CLANG_WARN_OBJC_IMPLICIT_RETAIN_SELF = YES;
				CLANG_WARN_OBJC_LITERAL_CONVERSION = YES;
				CLANG_WARN_OBJC_ROOT_CLASS = YES_ERROR;
				CLANG_WARN_QUOTED_INCLUDE_IN_FRAMEWORK_HEADER = YES;
				CLANG_WARN_RANGE_LOOP_ANALYSIS = YES;
				CLANG_WARN_STRICT_PROTOTYPES = YES;
				CLANG_WARN_SUSPICIOUS_MOVE = YES;
				CLANG_WARN_UNGUARDED_AVAILABILITY = YES_AGGRESSIVE;
				CLANG_WARN_UNREACHABLE_CODE = YES;
				CLANG_WARN__DUPLICATE_METHOD_MATCH = YES;
				COPY_PHASE_STRIP = NO;
				DEBUG_INFORMATION_FORMAT = dwarf;
				ENABLE_STRICT_OBJC_MSGSEND = YES;
				ENABLE_TESTABILITY = YES;
				GCC_C_LANGUAGE_STANDARD = gnu11;
				GCC_DYNAMIC_NO_PIC = NO;
				GCC_NO_COMMON_BLOCKS = YES;
				GCC_OPTIMIZATION_LEVEL = 0;
				GCC_PREPROCESSOR_DEFINITIONS = (
					"DEBUG=1",
					"$(inherited)",
				);
				GCC_WARN_64_TO_32_BIT_CONVERSION = YES;
				GCC_WARN_ABOUT_RETURN_TYPE = YES_ERROR;
				GCC_WARN_UNDECLARED_SELECTOR = YES;
				GCC_WARN_UNINITIALIZED_AUTOS = YES_AGGRESSIVE;
				GCC_WARN_UNUSED_FUNCTION = YES;
				GCC_WARN_UNUSED_VARIABLE = YES;
				IPHONEOS_DEPLOYMENT_TARGET = 16.2;
				MTL_ENABLE_DEBUG_INFO = INCLUDE_SOURCE;
				MTL_FAST_MATH = YES;
				ONLY_ACTIVE_ARCH = YES;
				SDKROOT = iphoneos;
				SWIFT_ACTIVE_COMPILATION_CONDITIONS = DEBUG;
				SWIFT_OPTIMIZATION_LEVEL = "-Onone";
			};
			name = Debug;
		};
		BB992D902A4C671C00282027 /* Release */ = {
			isa = XCBuildConfiguration;
			buildSettings = {
				ALWAYS_SEARCH_USER_PATHS = NO;
				CLANG_ANALYZER_NONNULL = YES;
				CLANG_ANALYZER_NUMBER_OBJECT_CONVERSION = YES_AGGRESSIVE;
				CLANG_CXX_LANGUAGE_STANDARD = "gnu++20";
				CLANG_ENABLE_MODULES = YES;
				CLANG_ENABLE_OBJC_ARC = YES;
				CLANG_ENABLE_OBJC_WEAK = YES;
				CLANG_WARN_BLOCK_CAPTURE_AUTORELEASING = YES;
				CLANG_WARN_BOOL_CONVERSION = YES;
				CLANG_WARN_COMMA = YES;
				CLANG_WARN_CONSTANT_CONVERSION = YES;
				CLANG_WARN_DEPRECATED_OBJC_IMPLEMENTATIONS = YES;
				CLANG_WARN_DIRECT_OBJC_ISA_USAGE = YES_ERROR;
				CLANG_WARN_DOCUMENTATION_COMMENTS = YES;
				CLANG_WARN_EMPTY_BODY = YES;
				CLANG_WARN_ENUM_CONVERSION = YES;
				CLANG_WARN_INFINITE_RECURSION = YES;
				CLANG_WARN_INT_CONVERSION = YES;
				CLANG_WARN_NON_LITERAL_NULL_CONVERSION = YES;
				CLANG_WARN_OBJC_IMPLICIT_RETAIN_SELF = YES;
				CLANG_WARN_OBJC_LITERAL_CONVERSION = YES;
				CLANG_WARN_OBJC_ROOT_CLASS = YES_ERROR;
				CLANG_WARN_QUOTED_INCLUDE_IN_FRAMEWORK_HEADER = YES;
				CLANG_WARN_RANGE_LOOP_ANALYSIS = YES;
				CLANG_WARN_STRICT_PROTOTYPES = YES;
				CLANG_WARN_SUSPICIOUS_MOVE = YES;
				CLANG_WARN_UNGUARDED_AVAILABILITY = YES_AGGRESSIVE;
				CLANG_WARN_UNREACHABLE_CODE = YES;
				CLANG_WARN__DUPLICATE_METHOD_MATCH = YES;
				COPY_PHASE_STRIP = NO;
				DEBUG_INFORMATION_FORMAT = "dwarf-with-dsym";
				ENABLE_NS_ASSERTIONS = NO;
				ENABLE_STRICT_OBJC_MSGSEND = YES;
				GCC_C_LANGUAGE_STANDARD = gnu11;
				GCC_NO_COMMON_BLOCKS = YES;
				GCC_WARN_64_TO_32_BIT_CONVERSION = YES;
				GCC_WARN_ABOUT_RETURN_TYPE = YES_ERROR;
				GCC_WARN_UNDECLARED_SELECTOR = YES;
				GCC_WARN_UNINITIALIZED_AUTOS = YES_AGGRESSIVE;
				GCC_WARN_UNUSED_FUNCTION = YES;
				GCC_WARN_UNUSED_VARIABLE = YES;
				IPHONEOS_DEPLOYMENT_TARGET = 16.2;
				MTL_ENABLE_DEBUG_INFO = NO;
				MTL_FAST_MATH = YES;
				SDKROOT = iphoneos;
				SWIFT_COMPILATION_MODE = wholemodule;
				SWIFT_OPTIMIZATION_LEVEL = "-O";
				VALIDATE_PRODUCT = YES;
			};
			name = Release;
		};
		BB992D922A4C671C00282027 /* Debug */ = {
			isa = XCBuildConfiguration;
			buildSettings = {
				ASSETCATALOG_COMPILER_APPICON_NAME = AppIcon;
				ASSETCATALOG_COMPILER_GLOBAL_ACCENT_COLOR_NAME = AccentColor;
				CODE_SIGN_STYLE = Automatic;
				CURRENT_PROJECT_VERSION = 1;
				DEVELOPMENT_TEAM = UL3RBMBKF2;
				GENERATE_INFOPLIST_FILE = YES;
				INFOPLIST_FILE = FoxProject/Info.plist;
				INFOPLIST_KEY_UIApplicationSupportsIndirectInputEvents = YES;
				INFOPLIST_KEY_UILaunchStoryboardName = LaunchScreen;
				INFOPLIST_KEY_UIMainStoryboardFile = Main;
				INFOPLIST_KEY_UISupportedInterfaceOrientations_iPad = "UIInterfaceOrientationPortrait UIInterfaceOrientationPortraitUpsideDown UIInterfaceOrientationLandscapeLeft UIInterfaceOrientationLandscapeRight";
				INFOPLIST_KEY_UISupportedInterfaceOrientations_iPhone = "UIInterfaceOrientationPortrait UIInterfaceOrientationLandscapeLeft UIInterfaceOrientationLandscapeRight";
				LD_RUNPATH_SEARCH_PATHS = (
					"$(inherited)",
					"@executable_path/Frameworks",
				);
				MARKETING_VERSION = 1.0;
				PRODUCT_BUNDLE_IDENTIFIER = com.lowe.FoxProject;
				PRODUCT_NAME = "$(TARGET_NAME)";
				SWIFT_EMIT_LOC_STRINGS = YES;
				SWIFT_VERSION = 5.0;
				TARGETED_DEVICE_FAMILY = "1,2";
			};
			name = Debug;
		};
		BB992D932A4C671C00282027 /* Release */ = {
			isa = XCBuildConfiguration;
			buildSettings = {
				ASSETCATALOG_COMPILER_APPICON_NAME = AppIcon;
				ASSETCATALOG_COMPILER_GLOBAL_ACCENT_COLOR_NAME = AccentColor;
				CODE_SIGN_STYLE = Automatic;
				CURRENT_PROJECT_VERSION = 1;
				DEVELOPMENT_TEAM = UL3RBMBKF2;
				GENERATE_INFOPLIST_FILE = YES;
				INFOPLIST_FILE = FoxProject/Info.plist;
				INFOPLIST_KEY_UIApplicationSupportsIndirectInputEvents = YES;
				INFOPLIST_KEY_UILaunchStoryboardName = LaunchScreen;
				INFOPLIST_KEY_UIMainStoryboardFile = Main;
				INFOPLIST_KEY_UISupportedInterfaceOrientations_iPad = "UIInterfaceOrientationPortrait UIInterfaceOrientationPortraitUpsideDown UIInterfaceOrientationLandscapeLeft UIInterfaceOrientationLandscapeRight";
				INFOPLIST_KEY_UISupportedInterfaceOrientations_iPhone = "UIInterfaceOrientationPortrait UIInterfaceOrientationLandscapeLeft UIInterfaceOrientationLandscapeRight";
				LD_RUNPATH_SEARCH_PATHS = (
					"$(inherited)",
					"@executable_path/Frameworks",
				);
				MARKETING_VERSION = 1.0;
				PRODUCT_BUNDLE_IDENTIFIER = com.lowe.FoxProject;
				PRODUCT_NAME = "$(TARGET_NAME)";
				SWIFT_EMIT_LOC_STRINGS = YES;
				SWIFT_VERSION = 5.0;
				TARGETED_DEVICE_FAMILY = "1,2";
			};
			name = Release;
		};
/* End XCBuildConfiguration section */

/* Begin XCConfigurationList section */
		BB992D782A4C671A00282027 /* Build configuration list for PBXProject "FoxProject" */ = {
			isa = XCConfigurationList;
			buildConfigurations = (
				BB992D8F2A4C671C00282027 /* Debug */,
				BB992D902A4C671C00282027 /* Release */,
			);
			defaultConfigurationIsVisible = 0;
			defaultConfigurationName = Release;
		};
		BB992D912A4C671C00282027 /* Build configuration list for PBXNativeTarget "FoxProject" */ = {
			isa = XCConfigurationList;
			buildConfigurations = (
				BB992D922A4C671C00282027 /* Debug */,
				BB992D932A4C671C00282027 /* Release */,
			);
			defaultConfigurationIsVisible = 0;
			defaultConfigurationName = Release;
		};
/* End XCConfigurationList section */

/* Begin XCRemoteSwiftPackageReference section */
		BB992D942A4C67A100282027 /* XCRemoteSwiftPackageReference "Nuke" */ = {
			isa = XCRemoteSwiftPackageReference;
			repositoryURL = "https://github.com/kean/Nuke.git";
			requirement = {
				branch = main;
				kind = branch;
			};
		};
/* End XCRemoteSwiftPackageReference section */

/* Begin XCSwiftPackageProductDependency section */
		BB992D952A4C67A100282027 /* Nuke */ = {
			isa = XCSwiftPackageProductDependency;
			package = BB992D942A4C67A100282027 /* XCRemoteSwiftPackageReference "Nuke" */;
			productName = Nuke;
		};
		BB992D972A4C67A100282027 /* NukeExtensions */ = {
			isa = XCSwiftPackageProductDependency;
			package = BB992D942A4C67A100282027 /* XCRemoteSwiftPackageReference "Nuke" */;
			productName = NukeExtensions;
		};
		BB992D992A4C67A100282027 /* NukeUI */ = {
			isa = XCSwiftPackageProductDependency;
			package = BB992D942A4C67A100282027 /* XCRemoteSwiftPackageReference "Nuke" */;
			productName = NukeUI;
		};
/* End XCSwiftPackageProductDependency section */
	};
	rootObject = BB992D752A4C671A00282027 /* Project object */;
}
