// !$*UTF8*$!
{
	archiveVersion = 1;
	classes = {
	};
	objectVersion = 55;
	objects = {

/* Begin PBXBuildFile section */
		BB8AF27E270A938F00BD0695 /* AppDelegate.swift in Sources */ = {isa = PBXBuildFile; fileRef = BB8AF27D270A938F00BD0695 /* AppDelegate.swift */; };
		BB8AF280270A938F00BD0695 /* SceneDelegate.swift in Sources */ = {isa = PBXBuildFile; fileRef = BB8AF27F270A938F00BD0695 /* SceneDelegate.swift */; };
		BB8AF282270A938F00BD0695 /* ViewController.swift in Sources */ = {isa = PBXBuildFile; fileRef = BB8AF281270A938F00BD0695 /* ViewController.swift */; };
		BB8AF285270A938F00BD0695 /* Main.storyboard in Resources */ = {isa = PBXBuildFile; fileRef = BB8AF283270A938F00BD0695 /* Main.storyboard */; };
		BB8AF287270A939000BD0695 /* Assets.xcassets in Resources */ = {isa = PBXBuildFile; fileRef = BB8AF286270A939000BD0695 /* Assets.xcassets */; };
		BB8AF28A270A939000BD0695 /* LaunchScreen.storyboard in Resources */ = {isa = PBXBuildFile; fileRef = BB8AF288270A939000BD0695 /* LaunchScreen.storyboard */; };
		BB8AF294270A946700BD0695 /* FixedGridCollectionViewLayout.swift in Sources */ = {isa = PBXBuildFile; fileRef = BB8AF293270A946700BD0695 /* FixedGridCollectionViewLayout.swift */; };
		BB8AF299270A994B00BD0695 /* SelfSizedCollectionView.swift in Sources */ = {isa = PBXBuildFile; fileRef = BB8AF298270A994B00BD0695 /* SelfSizedCollectionView.swift */; };
/* End PBXBuildFile section */

/* Begin PBXFileReference section */
		BB8AF27A270A938F00BD0695 /* FixedGridCollectionViewLayout.app */ = {isa = PBXFileReference; explicitFileType = wrapper.application; includeInIndex = 0; path = FixedGridCollectionViewLayout.app; sourceTree = BUILT_PRODUCTS_DIR; };
		BB8AF27D270A938F00BD0695 /* AppDelegate.swift */ = {isa = PBXFileReference; lastKnownFileType = sourcecode.swift; path = AppDelegate.swift; sourceTree = "<group>"; };
		BB8AF27F270A938F00BD0695 /* SceneDelegate.swift */ = {isa = PBXFileReference; lastKnownFileType = sourcecode.swift; path = SceneDelegate.swift; sourceTree = "<group>"; };
		BB8AF281270A938F00BD0695 /* ViewController.swift */ = {isa = PBXFileReference; lastKnownFileType = sourcecode.swift; path = ViewController.swift; sourceTree = "<group>"; };
		BB8AF284270A938F00BD0695 /* Base */ = {isa = PBXFileReference; lastKnownFileType = file.storyboard; name = Base; path = Base.lproj/Main.storyboard; sourceTree = "<group>"; };
		BB8AF286270A939000BD0695 /* Assets.xcassets */ = {isa = PBXFileReference; lastKnownFileType = folder.assetcatalog; path = Assets.xcassets; sourceTree = "<group>"; };
		BB8AF289270A939000BD0695 /* Base */ = {isa = PBXFileReference; lastKnownFileType = file.storyboard; name = Base; path = Base.lproj/LaunchScreen.storyboard; sourceTree = "<group>"; };
		BB8AF28B270A939000BD0695 /* Info.plist */ = {isa = PBXFileReference; lastKnownFileType = text.plist.xml; path = Info.plist; sourceTree = "<group>"; };
		BB8AF293270A946700BD0695 /* FixedGridCollectionViewLayout.swift */ = {isa = PBXFileReference; fileEncoding = 4; lastKnownFileType = sourcecode.swift; path = FixedGridCollectionViewLayout.swift; sourceTree = "<group>"; };
		BB8AF298270A994B00BD0695 /* SelfSizedCollectionView.swift */ = {isa = PBXFileReference; lastKnownFileType = sourcecode.swift; path = SelfSizedCollectionView.swift; sourceTree = "<group>"; };
/* End PBXFileReference section */

/* Begin PBXFrameworksBuildPhase section */
		BB8AF277270A938F00BD0695 /* Frameworks */ = {
			isa = PBXFrameworksBuildPhase;
			buildActionMask = 2147483647;
			files = (
			);
			runOnlyForDeploymentPostprocessing = 0;
		};
/* End PBXFrameworksBuildPhase section */

/* Begin PBXGroup section */
		BB8AF271270A938F00BD0695 = {
			isa = PBXGroup;
			children = (
				BB8AF27C270A938F00BD0695 /* FixedGridCollectionViewLayout */,
				BB8AF27B270A938F00BD0695 /* Products */,
			);
			sourceTree = "<group>";
		};
		BB8AF27B270A938F00BD0695 /* Products */ = {
			isa = PBXGroup;
			children = (
				BB8AF27A270A938F00BD0695 /* FixedGridCollectionViewLayout.app */,
			);
			name = Products;
			sourceTree = "<group>";
		};
		BB8AF27C270A938F00BD0695 /* FixedGridCollectionViewLayout */ = {
			isa = PBXGroup;
			children = (
				BB8AF291270A939700BD0695 /* Garbage */,
				BB8AF292270A944300BD0695 /* Source */,
				BB8AF283270A938F00BD0695 /* Main.storyboard */,
				BB8AF281270A938F00BD0695 /* ViewController.swift */,
				BB8AF298270A994B00BD0695 /* SelfSizedCollectionView.swift */,
			);
			path = FixedGridCollectionViewLayout;
			sourceTree = "<group>";
		};
		BB8AF291270A939700BD0695 /* Garbage */ = {
			isa = PBXGroup;
			children = (
				BB8AF27D270A938F00BD0695 /* AppDelegate.swift */,
				BB8AF27F270A938F00BD0695 /* SceneDelegate.swift */,
				BB8AF286270A939000BD0695 /* Assets.xcassets */,
				BB8AF288270A939000BD0695 /* LaunchScreen.storyboard */,
				BB8AF28B270A939000BD0695 /* Info.plist */,
			);
			name = Garbage;
			sourceTree = "<group>";
		};
		BB8AF292270A944300BD0695 /* Source */ = {
			isa = PBXGroup;
			children = (
				BB8AF293270A946700BD0695 /* FixedGridCollectionViewLayout.swift */,
			);
			path = Source;
			sourceTree = "<group>";
		};
/* End PBXGroup section */

/* Begin PBXNativeTarget section */
		BB8AF279270A938F00BD0695 /* FixedGridCollectionViewLayout */ = {
			isa = PBXNativeTarget;
			buildConfigurationList = BB8AF28E270A939000BD0695 /* Build configuration list for PBXNativeTarget "FixedGridCollectionViewLayout" */;
			buildPhases = (
				BB8AF276270A938F00BD0695 /* Sources */,
				BB8AF277270A938F00BD0695 /* Frameworks */,
				BB8AF278270A938F00BD0695 /* Resources */,
			);
			buildRules = (
			);
			dependencies = (
			);
			name = FixedGridCollectionViewLayout;
			productName = FixedGridCollectionViewLayout;
			productReference = BB8AF27A270A938F00BD0695 /* FixedGridCollectionViewLayout.app */;
			productType = "com.apple.product-type.application";
		};
/* End PBXNativeTarget section */

/* Begin PBXProject section */
		BB8AF272270A938F00BD0695 /* Project object */ = {
			isa = PBXProject;
			attributes = {
				BuildIndependentTargetsInParallel = 1;
				LastSwiftUpdateCheck = 1300;
				LastUpgradeCheck = 1300;
				TargetAttributes = {
					BB8AF279270A938F00BD0695 = {
						CreatedOnToolsVersion = 13.0;
					};
				};
			};
			buildConfigurationList = BB8AF275270A938F00BD0695 /* Build configuration list for PBXProject "FixedGridCollectionViewLayout" */;
			compatibilityVersion = "Xcode 13.0";
			developmentRegion = en;
			hasScannedForEncodings = 0;
			knownRegions = (
				en,
				Base,
			);
			mainGroup = BB8AF271270A938F00BD0695;
			productRefGroup = BB8AF27B270A938F00BD0695 /* Products */;
			projectDirPath = "";
			projectRoot = "";
			targets = (
				BB8AF279270A938F00BD0695 /* FixedGridCollectionViewLayout */,
			);
		};
/* End PBXProject section */

/* Begin PBXResourcesBuildPhase section */
		BB8AF278270A938F00BD0695 /* Resources */ = {
			isa = PBXResourcesBuildPhase;
			buildActionMask = 2147483647;
			files = (
				BB8AF28A270A939000BD0695 /* LaunchScreen.storyboard in Resources */,
				BB8AF287270A939000BD0695 /* Assets.xcassets in Resources */,
				BB8AF285270A938F00BD0695 /* Main.storyboard in Resources */,
			);
			runOnlyForDeploymentPostprocessing = 0;
		};
/* End PBXResourcesBuildPhase section */

/* Begin PBXSourcesBuildPhase section */
		BB8AF276270A938F00BD0695 /* Sources */ = {
			isa = PBXSourcesBuildPhase;
			buildActionMask = 2147483647;
			files = (
				BB8AF282270A938F00BD0695 /* ViewController.swift in Sources */,
				BB8AF27E270A938F00BD0695 /* AppDelegate.swift in Sources */,
				BB8AF299270A994B00BD0695 /* SelfSizedCollectionView.swift in Sources */,
				BB8AF280270A938F00BD0695 /* SceneDelegate.swift in Sources */,
				BB8AF294270A946700BD0695 /* FixedGridCollectionViewLayout.swift in Sources */,
			);
			runOnlyForDeploymentPostprocessing = 0;
		};
/* End PBXSourcesBuildPhase section */

/* Begin PBXVariantGroup section */
		BB8AF283270A938F00BD0695 /* Main.storyboard */ = {
			isa = PBXVariantGroup;
			children = (
				BB8AF284270A938F00BD0695 /* Base */,
			);
			name = Main.storyboard;
			sourceTree = "<group>";
		};
		BB8AF288270A939000BD0695 /* LaunchScreen.storyboard */ = {
			isa = PBXVariantGroup;
			children = (
				BB8AF289270A939000BD0695 /* Base */,
			);
			name = LaunchScreen.storyboard;
			sourceTree = "<group>";
		};
/* End PBXVariantGroup section */

/* Begin XCBuildConfiguration section */
		BB8AF28C270A939000BD0695 /* Debug */ = {
			isa = XCBuildConfiguration;
			buildSettings = {
				ALWAYS_SEARCH_USER_PATHS = NO;
				CLANG_ANALYZER_NONNULL = YES;
				CLANG_ANALYZER_NUMBER_OBJECT_CONVERSION = YES_AGGRESSIVE;
				CLANG_CXX_LANGUAGE_STANDARD = "gnu++17";
				CLANG_CXX_LIBRARY = "libc++";
				CLANG_ENABLE_MODULES = YES;
				CLANG_ENABLE_OBJC_ARC = YES;
				CLANG_ENABLE_OBJC_WEAK = YES;
				CLANG_WARN_BLOCK_CAPTURE_AUTORELEASING = YES;
				CLANG_WARN_BOOL_CONVERSION = YES;
				CLANG_WARN_COMMA = YES;
				CLANG_WARN_CONSTANT_CONVERSION = YES;
				CLANG_WARN_DEPRECATED_OBJC_IMPLEMENTATIONS = YES;
				CLANG_WARN_DIRECT_OBJC_ISA_USAGE = YES_ERROR;
				CLANG_WARN_DOCUMENTATION_COMMENTS = YES;
				CLANG_WARN_EMPTY_BODY = YES;
				CLANG_WARN_ENUM_CONVERSION = YES;
				CLANG_WARN_INFINITE_RECURSION = YES;
				CLANG_WARN_INT_CONVERSION = YES;
				CLANG_WARN_NON_LITERAL_NULL_CONVERSION = YES;
				CLANG_WARN_OBJC_IMPLICIT_RETAIN_SELF = YES;
				CLANG_WARN_OBJC_LITERAL_CONVERSION = YES;
				CLANG_WARN_OBJC_ROOT_CLASS = YES_ERROR;
				CLANG_WARN_QUOTED_INCLUDE_IN_FRAMEWORK_HEADER = YES;
				CLANG_WARN_RANGE_LOOP_ANALYSIS = YES;
				CLANG_WARN_STRICT_PROTOTYPES = YES;
				CLANG_WARN_SUSPICIOUS_MOVE = YES;
				CLANG_WARN_UNGUARDED_AVAILABILITY = YES_AGGRESSIVE;
				CLANG_WARN_UNREACHABLE_CODE = YES;
				CLANG_WARN__DUPLICATE_METHOD_MATCH = YES;
				COPY_PHASE_STRIP = NO;
				DEBUG_INFORMATION_FORMAT = dwarf;
				ENABLE_STRICT_OBJC_MSGSEND = YES;
				ENABLE_TESTABILITY = YES;
				GCC_C_LANGUAGE_STANDARD = gnu11;
				GCC_DYNAMIC_NO_PIC = NO;
				GCC_NO_COMMON_BLOCKS = YES;
				GCC_OPTIMIZATION_LEVEL = 0;
				GCC_PREPROCESSOR_DEFINITIONS = (
					"DEBUG=1",
					"$(inherited)",
				);
				GCC_WARN_64_TO_32_BIT_CONVERSION = YES;
				GCC_WARN_ABOUT_RETURN_TYPE = YES_ERROR;
				GCC_WARN_UNDECLARED_SELECTOR = YES;
				GCC_WARN_UNINITIALIZED_AUTOS = YES_AGGRESSIVE;
				GCC_WARN_UNUSED_FUNCTION = YES;
				GCC_WARN_UNUSED_VARIABLE = YES;
				IPHONEOS_DEPLOYMENT_TARGET = 15.0;
				MTL_ENABLE_DEBUG_INFO = INCLUDE_SOURCE;
				MTL_FAST_MATH = YES;
				ONLY_ACTIVE_ARCH = YES;
				SDKROOT = iphoneos;
				SWIFT_ACTIVE_COMPILATION_CONDITIONS = DEBUG;
				SWIFT_OPTIMIZATION_LEVEL = "-Onone";
			};
			name = Debug;
		};
		BB8AF28D270A939000BD0695 /* Release */ = {
			isa = XCBuildConfiguration;
			buildSettings = {
				ALWAYS_SEARCH_USER_PATHS = NO;
				CLANG_ANALYZER_NONNULL = YES;
				CLANG_ANALYZER_NUMBER_OBJECT_CONVERSION = YES_AGGRESSIVE;
				CLANG_CXX_LANGUAGE_STANDARD = "gnu++17";
				CLANG_CXX_LIBRARY = "libc++";
				CLANG_ENABLE_MODULES = YES;
				CLANG_ENABLE_OBJC_ARC = YES;
				CLANG_ENABLE_OBJC_WEAK = YES;
				CLANG_WARN_BLOCK_CAPTURE_AUTORELEASING = YES;
				CLANG_WARN_BOOL_CONVERSION = YES;
				CLANG_WARN_COMMA = YES;
				CLANG_WARN_CONSTANT_CONVERSION = YES;
				CLANG_WARN_DEPRECATED_OBJC_IMPLEMENTATIONS = YES;
				CLANG_WARN_DIRECT_OBJC_ISA_USAGE = YES_ERROR;
				CLANG_WARN_DOCUMENTATION_COMMENTS = YES;
				CLANG_WARN_EMPTY_BODY = YES;
				CLANG_WARN_ENUM_CONVERSION = YES;
				CLANG_WARN_INFINITE_RECURSION = YES;
				CLANG_WARN_INT_CONVERSION = YES;
				CLANG_WARN_NON_LITERAL_NULL_CONVERSION = YES;
				CLANG_WARN_OBJC_IMPLICIT_RETAIN_SELF = YES;
				CLANG_WARN_OBJC_LITERAL_CONVERSION = YES;
				CLANG_WARN_OBJC_ROOT_CLASS = YES_ERROR;
				CLANG_WARN_QUOTED_INCLUDE_IN_FRAMEWORK_HEADER = YES;
				CLANG_WARN_RANGE_LOOP_ANALYSIS = YES;
				CLANG_WARN_STRICT_PROTOTYPES = YES;
				CLANG_WARN_SUSPICIOUS_MOVE = YES;
				CLANG_WARN_UNGUARDED_AVAILABILITY = YES_AGGRESSIVE;
				CLANG_WARN_UNREACHABLE_CODE = YES;
				CLANG_WARN__DUPLICATE_METHOD_MATCH = YES;
				COPY_PHASE_STRIP = NO;
				DEBUG_INFORMATION_FORMAT = "dwarf-with-dsym";
				ENABLE_NS_ASSERTIONS = NO;
				ENABLE_STRICT_OBJC_MSGSEND = YES;
				GCC_C_LANGUAGE_STANDARD = gnu11;
				GCC_NO_COMMON_BLOCKS = YES;
				GCC_WARN_64_TO_32_BIT_CONVERSION = YES;
				GCC_WARN_ABOUT_RETURN_TYPE = YES_ERROR;
				GCC_WARN_UNDECLARED_SELECTOR = YES;
				GCC_WARN_UNINITIALIZED_AUTOS = YES_AGGRESSIVE;
				GCC_WARN_UNUSED_FUNCTION = YES;
				GCC_WARN_UNUSED_VARIABLE = YES;
				IPHONEOS_DEPLOYMENT_TARGET = 15.0;
				MTL_ENABLE_DEBUG_INFO = NO;
				MTL_FAST_MATH = YES;
				SDKROOT = iphoneos;
				SWIFT_COMPILATION_MODE = wholemodule;
				SWIFT_OPTIMIZATION_LEVEL = "-O";
				VALIDATE_PRODUCT = YES;
			};
			name = Release;
		};
		BB8AF28F270A939000BD0695 /* Debug */ = {
			isa = XCBuildConfiguration;
			buildSettings = {
				ASSETCATALOG_COMPILER_APPICON_NAME = AppIcon;
				ASSETCATALOG_COMPILER_GLOBAL_ACCENT_COLOR_NAME = AccentColor;
				CODE_SIGN_STYLE = Automatic;
				CURRENT_PROJECT_VERSION = 1;
				DEVELOPMENT_TEAM = UL3RBMBKF2;
				GENERATE_INFOPLIST_FILE = YES;
				INFOPLIST_FILE = FixedGridCollectionViewLayout/Info.plist;
				INFOPLIST_KEY_UIApplicationSupportsIndirectInputEvents = YES;
				INFOPLIST_KEY_UILaunchStoryboardName = LaunchScreen;
				INFOPLIST_KEY_UIMainStoryboardFile = Main;
				INFOPLIST_KEY_UISupportedInterfaceOrientations_iPad = "UIInterfaceOrientationPortrait UIInterfaceOrientationPortraitUpsideDown UIInterfaceOrientationLandscapeLeft UIInterfaceOrientationLandscapeRight";
				INFOPLIST_KEY_UISupportedInterfaceOrientations_iPhone = "UIInterfaceOrientationPortrait UIInterfaceOrientationLandscapeLeft UIInterfaceOrientationLandscapeRight";
				LD_RUNPATH_SEARCH_PATHS = (
					"$(inherited)",
					"@executable_path/Frameworks",
				);
				MARKETING_VERSION = 1.0;
				PRODUCT_BUNDLE_IDENTIFIER = com.test.FixedGridCollectionViewLayout;
				PRODUCT_NAME = "$(TARGET_NAME)";
				SWIFT_EMIT_LOC_STRINGS = YES;
				SWIFT_VERSION = 5.0;
				TARGETED_DEVICE_FAMILY = "1,2";
			};
			name = Debug;
		};
		BB8AF290270A939000BD0695 /* Release */ = {
			isa = XCBuildConfiguration;
			buildSettings = {
				ASSETCATALOG_COMPILER_APPICON_NAME = AppIcon;
				ASSETCATALOG_COMPILER_GLOBAL_ACCENT_COLOR_NAME = AccentColor;
				CODE_SIGN_STYLE = Automatic;
				CURRENT_PROJECT_VERSION = 1;
				DEVELOPMENT_TEAM = UL3RBMBKF2;
				GENERATE_INFOPLIST_FILE = YES;
				INFOPLIST_FILE = FixedGridCollectionViewLayout/Info.plist;
				INFOPLIST_KEY_UIApplicationSupportsIndirectInputEvents = YES;
				INFOPLIST_KEY_UILaunchStoryboardName = LaunchScreen;
				INFOPLIST_KEY_UIMainStoryboardFile = Main;
				INFOPLIST_KEY_UISupportedInterfaceOrientations_iPad = "UIInterfaceOrientationPortrait UIInterfaceOrientationPortraitUpsideDown UIInterfaceOrientationLandscapeLeft UIInterfaceOrientationLandscapeRight";
				INFOPLIST_KEY_UISupportedInterfaceOrientations_iPhone = "UIInterfaceOrientationPortrait UIInterfaceOrientationLandscapeLeft UIInterfaceOrientationLandscapeRight";
				LD_RUNPATH_SEARCH_PATHS = (
					"$(inherited)",
					"@executable_path/Frameworks",
				);
				MARKETING_VERSION = 1.0;
				PRODUCT_BUNDLE_IDENTIFIER = com.test.FixedGridCollectionViewLayout;
				PRODUCT_NAME = "$(TARGET_NAME)";
				SWIFT_EMIT_LOC_STRINGS = YES;
				SWIFT_VERSION = 5.0;
				TARGETED_DEVICE_FAMILY = "1,2";
			};
			name = Release;
		};
/* End XCBuildConfiguration section */

/* Begin XCConfigurationList section */
		BB8AF275270A938F00BD0695 /* Build configuration list for PBXProject "FixedGridCollectionViewLayout" */ = {
			isa = XCConfigurationList;
			buildConfigurations = (
				BB8AF28C270A939000BD0695 /* Debug */,
				BB8AF28D270A939000BD0695 /* Release */,
			);
			defaultConfigurationIsVisible = 0;
			defaultConfigurationName = Release;
		};
		BB8AF28E270A939000BD0695 /* Build configuration list for PBXNativeTarget "FixedGridCollectionViewLayout" */ = {
			isa = XCConfigurationList;
			buildConfigurations = (
				BB8AF28F270A939000BD0695 /* Debug */,
				BB8AF290270A939000BD0695 /* Release */,
			);
			defaultConfigurationIsVisible = 0;
			defaultConfigurationName = Release;
		};
/* End XCConfigurationList section */
	};
	rootObject = BB8AF272270A938F00BD0695 /* Project object */;
}
