// !$*UTF8*$!
{
	archiveVersion = 1;
	classes = {
	};
	objectVersion = 50;
	objects = {

/* Begin PBXBuildFile section */
		BB0B062C26B8400600E060EB /* AppDelegate.swift in Sources */ = {isa = PBXBuildFile; fileRef = BB0B062B26B8400600E060EB /* AppDelegate.swift */; };
		BB0B062E26B8400600E060EB /* SceneDelegate.swift in Sources */ = {isa = PBXBuildFile; fileRef = BB0B062D26B8400600E060EB /* SceneDelegate.swift */; };
		BB0B063026B8400600E060EB /* ViewController.swift in Sources */ = {isa = PBXBuildFile; fileRef = BB0B062F26B8400600E060EB /* ViewController.swift */; };
		BB0B063326B8400600E060EB /* Main.storyboard in Resources */ = {isa = PBXBuildFile; fileRef = BB0B063126B8400600E060EB /* Main.storyboard */; };
		BB0B063526B8400700E060EB /* Assets.xcassets in Resources */ = {isa = PBXBuildFile; fileRef = BB0B063426B8400700E060EB /* Assets.xcassets */; };
		BB0B063826B8400700E060EB /* LaunchScreen.storyboard in Resources */ = {isa = PBXBuildFile; fileRef = BB0B063626B8400700E060EB /* LaunchScreen.storyboard */; };
		BB0B064026B8402100E060EB /* ActiveGraphView.swift in Sources */ = {isa = PBXBuildFile; fileRef = BB0B063F26B8402100E060EB /* ActiveGraphView.swift */; };
		BB0B064426B84F3800E060EB /* UIView+RoundedCorners.swift in Sources */ = {isa = PBXBuildFile; fileRef = BB0B064326B84F3800E060EB /* UIView+RoundedCorners.swift */; };
/* End PBXBuildFile section */

/* Begin PBXFileReference section */
		BB0B062826B8400600E060EB /* ActiveGraphViewTest.app */ = {isa = PBXFileReference; explicitFileType = wrapper.application; includeInIndex = 0; path = ActiveGraphViewTest.app; sourceTree = BUILT_PRODUCTS_DIR; };
		BB0B062B26B8400600E060EB /* AppDelegate.swift */ = {isa = PBXFileReference; lastKnownFileType = sourcecode.swift; path = AppDelegate.swift; sourceTree = "<group>"; };
		BB0B062D26B8400600E060EB /* SceneDelegate.swift */ = {isa = PBXFileReference; lastKnownFileType = sourcecode.swift; path = SceneDelegate.swift; sourceTree = "<group>"; };
		BB0B062F26B8400600E060EB /* ViewController.swift */ = {isa = PBXFileReference; lastKnownFileType = sourcecode.swift; path = ViewController.swift; sourceTree = "<group>"; };
		BB0B063226B8400600E060EB /* Base */ = {isa = PBXFileReference; lastKnownFileType = file.storyboard; name = Base; path = Base.lproj/Main.storyboard; sourceTree = "<group>"; };
		BB0B063426B8400700E060EB /* Assets.xcassets */ = {isa = PBXFileReference; lastKnownFileType = folder.assetcatalog; path = Assets.xcassets; sourceTree = "<group>"; };
		BB0B063726B8400700E060EB /* Base */ = {isa = PBXFileReference; lastKnownFileType = file.storyboard; name = Base; path = Base.lproj/LaunchScreen.storyboard; sourceTree = "<group>"; };
		BB0B063926B8400700E060EB /* Info.plist */ = {isa = PBXFileReference; lastKnownFileType = text.plist.xml; path = Info.plist; sourceTree = "<group>"; };
		BB0B063F26B8402100E060EB /* ActiveGraphView.swift */ = {isa = PBXFileReference; lastKnownFileType = sourcecode.swift; path = ActiveGraphView.swift; sourceTree = "<group>"; };
		BB0B064326B84F3800E060EB /* UIView+RoundedCorners.swift */ = {isa = PBXFileReference; fileEncoding = 4; lastKnownFileType = sourcecode.swift; path = "UIView+RoundedCorners.swift"; sourceTree = "<group>"; };
/* End PBXFileReference section */

/* Begin PBXFrameworksBuildPhase section */
		BB0B062526B8400600E060EB /* Frameworks */ = {
			isa = PBXFrameworksBuildPhase;
			buildActionMask = 2147483647;
			files = (
			);
			runOnlyForDeploymentPostprocessing = 0;
		};
/* End PBXFrameworksBuildPhase section */

/* Begin PBXGroup section */
		BB0B061F26B8400600E060EB = {
			isa = PBXGroup;
			children = (
				BB0B062A26B8400600E060EB /* ActiveGraphViewTest */,
				BB0B062926B8400600E060EB /* Products */,
			);
			sourceTree = "<group>";
		};
		BB0B062926B8400600E060EB /* Products */ = {
			isa = PBXGroup;
			children = (
				BB0B062826B8400600E060EB /* ActiveGraphViewTest.app */,
			);
			name = Products;
			sourceTree = "<group>";
		};
		BB0B062A26B8400600E060EB /* ActiveGraphViewTest */ = {
			isa = PBXGroup;
			children = (
				BB0C390C26B9781500ABFBE5 /* Garbage */,
				BB0B063126B8400600E060EB /* Main.storyboard */,
				BB0B062F26B8400600E060EB /* ViewController.swift */,
				BB0B063F26B8402100E060EB /* ActiveGraphView.swift */,
			);
			path = ActiveGraphViewTest;
			sourceTree = "<group>";
		};
		BB0C390C26B9781500ABFBE5 /* Garbage */ = {
			isa = PBXGroup;
			children = (
				BB0B064326B84F3800E060EB /* UIView+RoundedCorners.swift */,
				BB0B063626B8400700E060EB /* LaunchScreen.storyboard */,
				BB0B063926B8400700E060EB /* Info.plist */,
				BB0B063426B8400700E060EB /* Assets.xcassets */,
				BB0B062B26B8400600E060EB /* AppDelegate.swift */,
				BB0B062D26B8400600E060EB /* SceneDelegate.swift */,
			);
			name = Garbage;
			sourceTree = "<group>";
		};
/* End PBXGroup section */

/* Begin PBXNativeTarget section */
		BB0B062726B8400600E060EB /* ActiveGraphViewTest */ = {
			isa = PBXNativeTarget;
			buildConfigurationList = BB0B063C26B8400700E060EB /* Build configuration list for PBXNativeTarget "ActiveGraphViewTest" */;
			buildPhases = (
				BB0B062426B8400600E060EB /* Sources */,
				BB0B062526B8400600E060EB /* Frameworks */,
				BB0B062626B8400600E060EB /* Resources */,
			);
			buildRules = (
			);
			dependencies = (
			);
			name = ActiveGraphViewTest;
			productName = ActiveGraphViewTest;
			productReference = BB0B062826B8400600E060EB /* ActiveGraphViewTest.app */;
			productType = "com.apple.product-type.application";
		};
/* End PBXNativeTarget section */

/* Begin PBXProject section */
		BB0B062026B8400600E060EB /* Project object */ = {
			isa = PBXProject;
			attributes = {
				LastSwiftUpdateCheck = 1250;
				LastUpgradeCheck = 1250;
				TargetAttributes = {
					BB0B062726B8400600E060EB = {
						CreatedOnToolsVersion = 12.5.1;
					};
				};
			};
			buildConfigurationList = BB0B062326B8400600E060EB /* Build configuration list for PBXProject "ActiveGraphViewTest" */;
			compatibilityVersion = "Xcode 9.3";
			developmentRegion = en;
			hasScannedForEncodings = 0;
			knownRegions = (
				en,
				Base,
			);
			mainGroup = BB0B061F26B8400600E060EB;
			productRefGroup = BB0B062926B8400600E060EB /* Products */;
			projectDirPath = "";
			projectRoot = "";
			targets = (
				BB0B062726B8400600E060EB /* ActiveGraphViewTest */,
			);
		};
/* End PBXProject section */

/* Begin PBXResourcesBuildPhase section */
		BB0B062626B8400600E060EB /* Resources */ = {
			isa = PBXResourcesBuildPhase;
			buildActionMask = 2147483647;
			files = (
				BB0B063826B8400700E060EB /* LaunchScreen.storyboard in Resources */,
				BB0B063526B8400700E060EB /* Assets.xcassets in Resources */,
				BB0B063326B8400600E060EB /* Main.storyboard in Resources */,
			);
			runOnlyForDeploymentPostprocessing = 0;
		};
/* End PBXResourcesBuildPhase section */

/* Begin PBXSourcesBuildPhase section */
		BB0B062426B8400600E060EB /* Sources */ = {
			isa = PBXSourcesBuildPhase;
			buildActionMask = 2147483647;
			files = (
				BB0B063026B8400600E060EB /* ViewController.swift in Sources */,
				BB0B064026B8402100E060EB /* ActiveGraphView.swift in Sources */,
				BB0B064426B84F3800E060EB /* UIView+RoundedCorners.swift in Sources */,
				BB0B062C26B8400600E060EB /* AppDelegate.swift in Sources */,
				BB0B062E26B8400600E060EB /* SceneDelegate.swift in Sources */,
			);
			runOnlyForDeploymentPostprocessing = 0;
		};
/* End PBXSourcesBuildPhase section */

/* Begin PBXVariantGroup section */
		BB0B063126B8400600E060EB /* Main.storyboard */ = {
			isa = PBXVariantGroup;
			children = (
				BB0B063226B8400600E060EB /* Base */,
			);
			name = Main.storyboard;
			sourceTree = "<group>";
		};
		BB0B063626B8400700E060EB /* LaunchScreen.storyboard */ = {
			isa = PBXVariantGroup;
			children = (
				BB0B063726B8400700E060EB /* Base */,
			);
			name = LaunchScreen.storyboard;
			sourceTree = "<group>";
		};
/* End PBXVariantGroup section */

/* Begin XCBuildConfiguration section */
		BB0B063A26B8400700E060EB /* Debug */ = {
			isa = XCBuildConfiguration;
			buildSettings = {
				ALWAYS_SEARCH_USER_PATHS = NO;
				CLANG_ANALYZER_NONNULL = YES;
				CLANG_ANALYZER_NUMBER_OBJECT_CONVERSION = YES_AGGRESSIVE;
				CLANG_CXX_LANGUAGE_STANDARD = "gnu++14";
				CLANG_CXX_LIBRARY = "libc++";
				CLANG_ENABLE_MODULES = YES;
				CLANG_ENABLE_OBJC_ARC = YES;
				CLANG_ENABLE_OBJC_WEAK = YES;
				CLANG_WARN_BLOCK_CAPTURE_AUTORELEASING = YES;
				CLANG_WARN_BOOL_CONVERSION = YES;
				CLANG_WARN_COMMA = YES;
				CLANG_WARN_CONSTANT_CONVERSION = YES;
				CLANG_WARN_DEPRECATED_OBJC_IMPLEMENTATIONS = YES;
				CLANG_WARN_DIRECT_OBJC_ISA_USAGE = YES_ERROR;
				CLANG_WARN_DOCUMENTATION_COMMENTS = YES;
				CLANG_WARN_EMPTY_BODY = YES;
				CLANG_WARN_ENUM_CONVERSION = YES;
				CLANG_WARN_INFINITE_RECURSION = YES;
				CLANG_WARN_INT_CONVERSION = YES;
				CLANG_WARN_NON_LITERAL_NULL_CONVERSION = YES;
				CLANG_WARN_OBJC_IMPLICIT_RETAIN_SELF = YES;
				CLANG_WARN_OBJC_LITERAL_CONVERSION = YES;
				CLANG_WARN_OBJC_ROOT_CLASS = YES_ERROR;
				CLANG_WARN_QUOTED_INCLUDE_IN_FRAMEWORK_HEADER = YES;
				CLANG_WARN_RANGE_LOOP_ANALYSIS = YES;
				CLANG_WARN_STRICT_PROTOTYPES = YES;
				CLANG_WARN_SUSPICIOUS_MOVE = YES;
				CLANG_WARN_UNGUARDED_AVAILABILITY = YES_AGGRESSIVE;
				CLANG_WARN_UNREACHABLE_CODE = YES;
				CLANG_WARN__DUPLICATE_METHOD_MATCH = YES;
				COPY_PHASE_STRIP = NO;
				DEBUG_INFORMATION_FORMAT = dwarf;
				ENABLE_STRICT_OBJC_MSGSEND = YES;
				ENABLE_TESTABILITY = YES;
				GCC_C_LANGUAGE_STANDARD = gnu11;
				GCC_DYNAMIC_NO_PIC = NO;
				GCC_NO_COMMON_BLOCKS = YES;
				GCC_OPTIMIZATION_LEVEL = 0;
				GCC_PREPROCESSOR_DEFINITIONS = (
					"DEBUG=1",
					"$(inherited)",
				);
				GCC_WARN_64_TO_32_BIT_CONVERSION = YES;
				GCC_WARN_ABOUT_RETURN_TYPE = YES_ERROR;
				GCC_WARN_UNDECLARED_SELECTOR = YES;
				GCC_WARN_UNINITIALIZED_AUTOS = YES_AGGRESSIVE;
				GCC_WARN_UNUSED_FUNCTION = YES;
				GCC_WARN_UNUSED_VARIABLE = YES;
				IPHONEOS_DEPLOYMENT_TARGET = 14.5;
				MTL_ENABLE_DEBUG_INFO = INCLUDE_SOURCE;
				MTL_FAST_MATH = YES;
				ONLY_ACTIVE_ARCH = YES;
				SDKROOT = iphoneos;
				SWIFT_ACTIVE_COMPILATION_CONDITIONS = DEBUG;
				SWIFT_OPTIMIZATION_LEVEL = "-Onone";
			};
			name = Debug;
		};
		BB0B063B26B8400700E060EB /* Release */ = {
			isa = XCBuildConfiguration;
			buildSettings = {
				ALWAYS_SEARCH_USER_PATHS = NO;
				CLANG_ANALYZER_NONNULL = YES;
				CLANG_ANALYZER_NUMBER_OBJECT_CONVERSION = YES_AGGRESSIVE;
				CLANG_CXX_LANGUAGE_STANDARD = "gnu++14";
				CLANG_CXX_LIBRARY = "libc++";
				CLANG_ENABLE_MODULES = YES;
				CLANG_ENABLE_OBJC_ARC = YES;
				CLANG_ENABLE_OBJC_WEAK = YES;
				CLANG_WARN_BLOCK_CAPTURE_AUTORELEASING = YES;
				CLANG_WARN_BOOL_CONVERSION = YES;
				CLANG_WARN_COMMA = YES;
				CLANG_WARN_CONSTANT_CONVERSION = YES;
				CLANG_WARN_DEPRECATED_OBJC_IMPLEMENTATIONS = YES;
				CLANG_WARN_DIRECT_OBJC_ISA_USAGE = YES_ERROR;
				CLANG_WARN_DOCUMENTATION_COMMENTS = YES;
				CLANG_WARN_EMPTY_BODY = YES;
				CLANG_WARN_ENUM_CONVERSION = YES;
				CLANG_WARN_INFINITE_RECURSION = YES;
				CLANG_WARN_INT_CONVERSION = YES;
				CLANG_WARN_NON_LITERAL_NULL_CONVERSION = YES;
				CLANG_WARN_OBJC_IMPLICIT_RETAIN_SELF = YES;
				CLANG_WARN_OBJC_LITERAL_CONVERSION = YES;
				CLANG_WARN_OBJC_ROOT_CLASS = YES_ERROR;
				CLANG_WARN_QUOTED_INCLUDE_IN_FRAMEWORK_HEADER = YES;
				CLANG_WARN_RANGE_LOOP_ANALYSIS = YES;
				CLANG_WARN_STRICT_PROTOTYPES = YES;
				CLANG_WARN_SUSPICIOUS_MOVE = YES;
				CLANG_WARN_UNGUARDED_AVAILABILITY = YES_AGGRESSIVE;
				CLANG_WARN_UNREACHABLE_CODE = YES;
				CLANG_WARN__DUPLICATE_METHOD_MATCH = YES;
				COPY_PHASE_STRIP = NO;
				DEBUG_INFORMATION_FORMAT = "dwarf-with-dsym";
				ENABLE_NS_ASSERTIONS = NO;
				ENABLE_STRICT_OBJC_MSGSEND = YES;
				GCC_C_LANGUAGE_STANDARD = gnu11;
				GCC_NO_COMMON_BLOCKS = YES;
				GCC_WARN_64_TO_32_BIT_CONVERSION = YES;
				GCC_WARN_ABOUT_RETURN_TYPE = YES_ERROR;
				GCC_WARN_UNDECLARED_SELECTOR = YES;
				GCC_WARN_UNINITIALIZED_AUTOS = YES_AGGRESSIVE;
				GCC_WARN_UNUSED_FUNCTION = YES;
				GCC_WARN_UNUSED_VARIABLE = YES;
				IPHONEOS_DEPLOYMENT_TARGET = 14.5;
				MTL_ENABLE_DEBUG_INFO = NO;
				MTL_FAST_MATH = YES;
				SDKROOT = iphoneos;
				SWIFT_COMPILATION_MODE = wholemodule;
				SWIFT_OPTIMIZATION_LEVEL = "-O";
				VALIDATE_PRODUCT = YES;
			};
			name = Release;
		};
		BB0B063D26B8400700E060EB /* Debug */ = {
			isa = XCBuildConfiguration;
			buildSettings = {
				ASSETCATALOG_COMPILER_APPICON_NAME = AppIcon;
				ASSETCATALOG_COMPILER_GLOBAL_ACCENT_COLOR_NAME = AccentColor;
				CODE_SIGN_STYLE = Automatic;
				DEVELOPMENT_TEAM = UL3RBMBKF2;
				INFOPLIST_FILE = ActiveGraphViewTest/Info.plist;
				LD_RUNPATH_SEARCH_PATHS = (
					"$(inherited)",
					"@executable_path/Frameworks",
				);
				PRODUCT_BUNDLE_IDENTIFIER = come.lowe.gah;
				PRODUCT_NAME = "$(TARGET_NAME)";
				SWIFT_VERSION = 5.0;
				TARGETED_DEVICE_FAMILY = "1,2";
			};
			name = Debug;
		};
		BB0B063E26B8400700E060EB /* Release */ = {
			isa = XCBuildConfiguration;
			buildSettings = {
				ASSETCATALOG_COMPILER_APPICON_NAME = AppIcon;
				ASSETCATALOG_COMPILER_GLOBAL_ACCENT_COLOR_NAME = AccentColor;
				CODE_SIGN_STYLE = Automatic;
				DEVELOPMENT_TEAM = UL3RBMBKF2;
				INFOPLIST_FILE = ActiveGraphViewTest/Info.plist;
				LD_RUNPATH_SEARCH_PATHS = (
					"$(inherited)",
					"@executable_path/Frameworks",
				);
				PRODUCT_BUNDLE_IDENTIFIER = come.lowe.gah;
				PRODUCT_NAME = "$(TARGET_NAME)";
				SWIFT_VERSION = 5.0;
				TARGETED_DEVICE_FAMILY = "1,2";
			};
			name = Release;
		};
/* End XCBuildConfiguration section */

/* Begin XCConfigurationList section */
		BB0B062326B8400600E060EB /* Build configuration list for PBXProject "ActiveGraphViewTest" */ = {
			isa = XCConfigurationList;
			buildConfigurations = (
				BB0B063A26B8400700E060EB /* Debug */,
				BB0B063B26B8400700E060EB /* Release */,
			);
			defaultConfigurationIsVisible = 0;
			defaultConfigurationName = Release;
		};
		BB0B063C26B8400700E060EB /* Build configuration list for PBXNativeTarget "ActiveGraphViewTest" */ = {
			isa = XCConfigurationList;
			buildConfigurations = (
				BB0B063D26B8400700E060EB /* Debug */,
				BB0B063E26B8400700E060EB /* Release */,
			);
			defaultConfigurationIsVisible = 0;
			defaultConfigurationName = Release;
		};
/* End XCConfigurationList section */
	};
	rootObject = BB0B062026B8400600E060EB /* Project object */;
}
