// !$*UTF8*$!
{
	archiveVersion = 1;
	classes = {
	};
	objectVersion = 55;
	objects = {

/* Begin PBXBuildFile section */
		BB8AF255270A80B500BD0695 /* AppDelegate.swift in Sources */ = {isa = PBXBuildFile; fileRef = BB8AF254270A80B500BD0695 /* AppDelegate.swift */; };
		BB8AF257270A80B500BD0695 /* SceneDelegate.swift in Sources */ = {isa = PBXBuildFile; fileRef = BB8AF256270A80B500BD0695 /* SceneDelegate.swift */; };
		BB8AF259270A80B500BD0695 /* ViewController.swift in Sources */ = {isa = PBXBuildFile; fileRef = BB8AF258270A80B500BD0695 /* ViewController.swift */; };
		BB8AF25C270A80B500BD0695 /* Main.storyboard in Resources */ = {isa = PBXBuildFile; fileRef = BB8AF25A270A80B500BD0695 /* Main.storyboard */; };
		BB8AF25E270A80B600BD0695 /* Assets.xcassets in Resources */ = {isa = PBXBuildFile; fileRef = BB8AF25D270A80B600BD0695 /* Assets.xcassets */; };
		BB8AF261270A80B600BD0695 /* LaunchScreen.storyboard in Resources */ = {isa = PBXBuildFile; fileRef = BB8AF25F270A80B600BD0695 /* LaunchScreen.storyboard */; };
		BB8AF26A270A80E200BD0695 /* FeaturedCollectionViewLayout.swift in Sources */ = {isa = PBXBuildFile; fileRef = BB8AF269270A80E200BD0695 /* FeaturedCollectionViewLayout.swift */; };
		BB8AF26E270A88A100BD0695 /* TestCell.xib in Resources */ = {isa = PBXBuildFile; fileRef = BB8AF26D270A88A100BD0695 /* TestCell.xib */; };
		BB8AF270270A88AD00BD0695 /* TestCell.swift in Sources */ = {isa = PBXBuildFile; fileRef = BB8AF26F270A88AD00BD0695 /* TestCell.swift */; };
/* End PBXBuildFile section */

/* Begin PBXFileReference section */
		BB8AF251270A80B500BD0695 /* FeaturedCollectionViewLayout.app */ = {isa = PBXFileReference; explicitFileType = wrapper.application; includeInIndex = 0; path = FeaturedCollectionViewLayout.app; sourceTree = BUILT_PRODUCTS_DIR; };
		BB8AF254270A80B500BD0695 /* AppDelegate.swift */ = {isa = PBXFileReference; lastKnownFileType = sourcecode.swift; path = AppDelegate.swift; sourceTree = "<group>"; };
		BB8AF256270A80B500BD0695 /* SceneDelegate.swift */ = {isa = PBXFileReference; lastKnownFileType = sourcecode.swift; path = SceneDelegate.swift; sourceTree = "<group>"; };
		BB8AF258270A80B500BD0695 /* ViewController.swift */ = {isa = PBXFileReference; lastKnownFileType = sourcecode.swift; path = ViewController.swift; sourceTree = "<group>"; };
		BB8AF25B270A80B500BD0695 /* Base */ = {isa = PBXFileReference; lastKnownFileType = file.storyboard; name = Base; path = Base.lproj/Main.storyboard; sourceTree = "<group>"; };
		BB8AF25D270A80B600BD0695 /* Assets.xcassets */ = {isa = PBXFileReference; lastKnownFileType = folder.assetcatalog; path = Assets.xcassets; sourceTree = "<group>"; };
		BB8AF260270A80B600BD0695 /* Base */ = {isa = PBXFileReference; lastKnownFileType = file.storyboard; name = Base; path = Base.lproj/LaunchScreen.storyboard; sourceTree = "<group>"; };
		BB8AF262270A80B600BD0695 /* Info.plist */ = {isa = PBXFileReference; lastKnownFileType = text.plist.xml; path = Info.plist; sourceTree = "<group>"; };
		BB8AF269270A80E200BD0695 /* FeaturedCollectionViewLayout.swift */ = {isa = PBXFileReference; fileEncoding = 4; lastKnownFileType = sourcecode.swift; path = FeaturedCollectionViewLayout.swift; sourceTree = "<group>"; };
		BB8AF26D270A88A100BD0695 /* TestCell.xib */ = {isa = PBXFileReference; lastKnownFileType = file.xib; path = TestCell.xib; sourceTree = "<group>"; };
		BB8AF26F270A88AD00BD0695 /* TestCell.swift */ = {isa = PBXFileReference; lastKnownFileType = sourcecode.swift; path = TestCell.swift; sourceTree = "<group>"; };
/* End PBXFileReference section */

/* Begin PBXFrameworksBuildPhase section */
		BB8AF24E270A80B500BD0695 /* Frameworks */ = {
			isa = PBXFrameworksBuildPhase;
			buildActionMask = 2147483647;
			files = (
			);
			runOnlyForDeploymentPostprocessing = 0;
		};
/* End PBXFrameworksBuildPhase section */

/* Begin PBXGroup section */
		BB8AF248270A80B500BD0695 = {
			isa = PBXGroup;
			children = (
				BB8AF253270A80B500BD0695 /* FeaturedCollectionViewLayout */,
				BB8AF252270A80B500BD0695 /* Products */,
			);
			sourceTree = "<group>";
		};
		BB8AF252270A80B500BD0695 /* Products */ = {
			isa = PBXGroup;
			children = (
				BB8AF251270A80B500BD0695 /* FeaturedCollectionViewLayout.app */,
			);
			name = Products;
			sourceTree = "<group>";
		};
		BB8AF253270A80B500BD0695 /* FeaturedCollectionViewLayout */ = {
			isa = PBXGroup;
			children = (
				BB8AF268270A80C500BD0695 /* Garbage */,
				BB8AF26B270A829400BD0695 /* Source */,
				BB8AF26C270A888700BD0695 /* TestCell */,
				BB8AF25A270A80B500BD0695 /* Main.storyboard */,
				BB8AF258270A80B500BD0695 /* ViewController.swift */,
			);
			path = FeaturedCollectionViewLayout;
			sourceTree = "<group>";
		};
		BB8AF268270A80C500BD0695 /* Garbage */ = {
			isa = PBXGroup;
			children = (
				BB8AF254270A80B500BD0695 /* AppDelegate.swift */,
				BB8AF256270A80B500BD0695 /* SceneDelegate.swift */,
				BB8AF25D270A80B600BD0695 /* Assets.xcassets */,
				BB8AF25F270A80B600BD0695 /* LaunchScreen.storyboard */,
				BB8AF262270A80B600BD0695 /* Info.plist */,
			);
			name = Garbage;
			sourceTree = "<group>";
		};
		BB8AF26B270A829400BD0695 /* Source */ = {
			isa = PBXGroup;
			children = (
				BB8AF269270A80E200BD0695 /* FeaturedCollectionViewLayout.swift */,
			);
			path = Source;
			sourceTree = "<group>";
		};
		BB8AF26C270A888700BD0695 /* TestCell */ = {
			isa = PBXGroup;
			children = (
				BB8AF26D270A88A100BD0695 /* TestCell.xib */,
				BB8AF26F270A88AD00BD0695 /* TestCell.swift */,
			);
			name = TestCell;
			sourceTree = "<group>";
		};
/* End PBXGroup section */

/* Begin PBXNativeTarget section */
		BB8AF250270A80B500BD0695 /* FeaturedCollectionViewLayout */ = {
			isa = PBXNativeTarget;
			buildConfigurationList = BB8AF265270A80B600BD0695 /* Build configuration list for PBXNativeTarget "FeaturedCollectionViewLayout" */;
			buildPhases = (
				BB8AF24D270A80B500BD0695 /* Sources */,
				BB8AF24E270A80B500BD0695 /* Frameworks */,
				BB8AF24F270A80B500BD0695 /* Resources */,
			);
			buildRules = (
			);
			dependencies = (
			);
			name = FeaturedCollectionViewLayout;
			productName = FeaturedCollectionViewLayout;
			productReference = BB8AF251270A80B500BD0695 /* FeaturedCollectionViewLayout.app */;
			productType = "com.apple.product-type.application";
		};
/* End PBXNativeTarget section */

/* Begin PBXProject section */
		BB8AF249270A80B500BD0695 /* Project object */ = {
			isa = PBXProject;
			attributes = {
				BuildIndependentTargetsInParallel = 1;
				LastSwiftUpdateCheck = 1300;
				LastUpgradeCheck = 1300;
				TargetAttributes = {
					BB8AF250270A80B500BD0695 = {
						CreatedOnToolsVersion = 13.0;
					};
				};
			};
			buildConfigurationList = BB8AF24C270A80B500BD0695 /* Build configuration list for PBXProject "FeaturedCollectionViewLayout" */;
			compatibilityVersion = "Xcode 13.0";
			developmentRegion = en;
			hasScannedForEncodings = 0;
			knownRegions = (
				en,
				Base,
			);
			mainGroup = BB8AF248270A80B500BD0695;
			productRefGroup = BB8AF252270A80B500BD0695 /* Products */;
			projectDirPath = "";
			projectRoot = "";
			targets = (
				BB8AF250270A80B500BD0695 /* FeaturedCollectionViewLayout */,
			);
		};
/* End PBXProject section */

/* Begin PBXResourcesBuildPhase section */
		BB8AF24F270A80B500BD0695 /* Resources */ = {
			isa = PBXResourcesBuildPhase;
			buildActionMask = 2147483647;
			files = (
				BB8AF261270A80B600BD0695 /* LaunchScreen.storyboard in Resources */,
				BB8AF26E270A88A100BD0695 /* TestCell.xib in Resources */,
				BB8AF25E270A80B600BD0695 /* Assets.xcassets in Resources */,
				BB8AF25C270A80B500BD0695 /* Main.storyboard in Resources */,
			);
			runOnlyForDeploymentPostprocessing = 0;
		};
/* End PBXResourcesBuildPhase section */

/* Begin PBXSourcesBuildPhase section */
		BB8AF24D270A80B500BD0695 /* Sources */ = {
			isa = PBXSourcesBuildPhase;
			buildActionMask = 2147483647;
			files = (
				BB8AF259270A80B500BD0695 /* ViewController.swift in Sources */,
				BB8AF26A270A80E200BD0695 /* FeaturedCollectionViewLayout.swift in Sources */,
				BB8AF270270A88AD00BD0695 /* TestCell.swift in Sources */,
				BB8AF255270A80B500BD0695 /* AppDelegate.swift in Sources */,
				BB8AF257270A80B500BD0695 /* SceneDelegate.swift in Sources */,
			);
			runOnlyForDeploymentPostprocessing = 0;
		};
/* End PBXSourcesBuildPhase section */

/* Begin PBXVariantGroup section */
		BB8AF25A270A80B500BD0695 /* Main.storyboard */ = {
			isa = PBXVariantGroup;
			children = (
				BB8AF25B270A80B500BD0695 /* Base */,
			);
			name = Main.storyboard;
			sourceTree = "<group>";
		};
		BB8AF25F270A80B600BD0695 /* LaunchScreen.storyboard */ = {
			isa = PBXVariantGroup;
			children = (
				BB8AF260270A80B600BD0695 /* Base */,
			);
			name = LaunchScreen.storyboard;
			sourceTree = "<group>";
		};
/* End PBXVariantGroup section */

/* Begin XCBuildConfiguration section */
		BB8AF263270A80B600BD0695 /* Debug */ = {
			isa = XCBuildConfiguration;
			buildSettings = {
				ALWAYS_SEARCH_USER_PATHS = NO;
				CLANG_ANALYZER_NONNULL = YES;
				CLANG_ANALYZER_NUMBER_OBJECT_CONVERSION = YES_AGGRESSIVE;
				CLANG_CXX_LANGUAGE_STANDARD = "gnu++17";
				CLANG_CXX_LIBRARY = "libc++";
				CLANG_ENABLE_MODULES = YES;
				CLANG_ENABLE_OBJC_ARC = YES;
				CLANG_ENABLE_OBJC_WEAK = YES;
				CLANG_WARN_BLOCK_CAPTURE_AUTORELEASING = YES;
				CLANG_WARN_BOOL_CONVERSION = YES;
				CLANG_WARN_COMMA = YES;
				CLANG_WARN_CONSTANT_CONVERSION = YES;
				CLANG_WARN_DEPRECATED_OBJC_IMPLEMENTATIONS = YES;
				CLANG_WARN_DIRECT_OBJC_ISA_USAGE = YES_ERROR;
				CLANG_WARN_DOCUMENTATION_COMMENTS = YES;
				CLANG_WARN_EMPTY_BODY = YES;
				CLANG_WARN_ENUM_CONVERSION = YES;
				CLANG_WARN_INFINITE_RECURSION = YES;
				CLANG_WARN_INT_CONVERSION = YES;
				CLANG_WARN_NON_LITERAL_NULL_CONVERSION = YES;
				CLANG_WARN_OBJC_IMPLICIT_RETAIN_SELF = YES;
				CLANG_WARN_OBJC_LITERAL_CONVERSION = YES;
				CLANG_WARN_OBJC_ROOT_CLASS = YES_ERROR;
				CLANG_WARN_QUOTED_INCLUDE_IN_FRAMEWORK_HEADER = YES;
				CLANG_WARN_RANGE_LOOP_ANALYSIS = YES;
				CLANG_WARN_STRICT_PROTOTYPES = YES;
				CLANG_WARN_SUSPICIOUS_MOVE = YES;
				CLANG_WARN_UNGUARDED_AVAILABILITY = YES_AGGRESSIVE;
				CLANG_WARN_UNREACHABLE_CODE = YES;
				CLANG_WARN__DUPLICATE_METHOD_MATCH = YES;
				COPY_PHASE_STRIP = NO;
				DEBUG_INFORMATION_FORMAT = dwarf;
				ENABLE_STRICT_OBJC_MSGSEND = YES;
				ENABLE_TESTABILITY = YES;
				GCC_C_LANGUAGE_STANDARD = gnu11;
				GCC_DYNAMIC_NO_PIC = NO;
				GCC_NO_COMMON_BLOCKS = YES;
				GCC_OPTIMIZATION_LEVEL = 0;
				GCC_PREPROCESSOR_DEFINITIONS = (
					"DEBUG=1",
					"$(inherited)",
				);
				GCC_WARN_64_TO_32_BIT_CONVERSION = YES;
				GCC_WARN_ABOUT_RETURN_TYPE = YES_ERROR;
				GCC_WARN_UNDECLARED_SELECTOR = YES;
				GCC_WARN_UNINITIALIZED_AUTOS = YES_AGGRESSIVE;
				GCC_WARN_UNUSED_FUNCTION = YES;
				GCC_WARN_UNUSED_VARIABLE = YES;
				IPHONEOS_DEPLOYMENT_TARGET = 15.0;
				MTL_ENABLE_DEBUG_INFO = INCLUDE_SOURCE;
				MTL_FAST_MATH = YES;
				ONLY_ACTIVE_ARCH = YES;
				SDKROOT = iphoneos;
				SWIFT_ACTIVE_COMPILATION_CONDITIONS = DEBUG;
				SWIFT_OPTIMIZATION_LEVEL = "-Onone";
			};
			name = Debug;
		};
		BB8AF264270A80B600BD0695 /* Release */ = {
			isa = XCBuildConfiguration;
			buildSettings = {
				ALWAYS_SEARCH_USER_PATHS = NO;
				CLANG_ANALYZER_NONNULL = YES;
				CLANG_ANALYZER_NUMBER_OBJECT_CONVERSION = YES_AGGRESSIVE;
				CLANG_CXX_LANGUAGE_STANDARD = "gnu++17";
				CLANG_CXX_LIBRARY = "libc++";
				CLANG_ENABLE_MODULES = YES;
				CLANG_ENABLE_OBJC_ARC = YES;
				CLANG_ENABLE_OBJC_WEAK = YES;
				CLANG_WARN_BLOCK_CAPTURE_AUTORELEASING = YES;
				CLANG_WARN_BOOL_CONVERSION = YES;
				CLANG_WARN_COMMA = YES;
				CLANG_WARN_CONSTANT_CONVERSION = YES;
				CLANG_WARN_DEPRECATED_OBJC_IMPLEMENTATIONS = YES;
				CLANG_WARN_DIRECT_OBJC_ISA_USAGE = YES_ERROR;
				CLANG_WARN_DOCUMENTATION_COMMENTS = YES;
				CLANG_WARN_EMPTY_BODY = YES;
				CLANG_WARN_ENUM_CONVERSION = YES;
				CLANG_WARN_INFINITE_RECURSION = YES;
				CLANG_WARN_INT_CONVERSION = YES;
				CLANG_WARN_NON_LITERAL_NULL_CONVERSION = YES;
				CLANG_WARN_OBJC_IMPLICIT_RETAIN_SELF = YES;
				CLANG_WARN_OBJC_LITERAL_CONVERSION = YES;
				CLANG_WARN_OBJC_ROOT_CLASS = YES_ERROR;
				CLANG_WARN_QUOTED_INCLUDE_IN_FRAMEWORK_HEADER = YES;
				CLANG_WARN_RANGE_LOOP_ANALYSIS = YES;
				CLANG_WARN_STRICT_PROTOTYPES = YES;
				CLANG_WARN_SUSPICIOUS_MOVE = YES;
				CLANG_WARN_UNGUARDED_AVAILABILITY = YES_AGGRESSIVE;
				CLANG_WARN_UNREACHABLE_CODE = YES;
				CLANG_WARN__DUPLICATE_METHOD_MATCH = YES;
				COPY_PHASE_STRIP = NO;
				DEBUG_INFORMATION_FORMAT = "dwarf-with-dsym";
				ENABLE_NS_ASSERTIONS = NO;
				ENABLE_STRICT_OBJC_MSGSEND = YES;
				GCC_C_LANGUAGE_STANDARD = gnu11;
				GCC_NO_COMMON_BLOCKS = YES;
				GCC_WARN_64_TO_32_BIT_CONVERSION = YES;
				GCC_WARN_ABOUT_RETURN_TYPE = YES_ERROR;
				GCC_WARN_UNDECLARED_SELECTOR = YES;
				GCC_WARN_UNINITIALIZED_AUTOS = YES_AGGRESSIVE;
				GCC_WARN_UNUSED_FUNCTION = YES;
				GCC_WARN_UNUSED_VARIABLE = YES;
				IPHONEOS_DEPLOYMENT_TARGET = 15.0;
				MTL_ENABLE_DEBUG_INFO = NO;
				MTL_FAST_MATH = YES;
				SDKROOT = iphoneos;
				SWIFT_COMPILATION_MODE = wholemodule;
				SWIFT_OPTIMIZATION_LEVEL = "-O";
				VALIDATE_PRODUCT = YES;
			};
			name = Release;
		};
		BB8AF266270A80B600BD0695 /* Debug */ = {
			isa = XCBuildConfiguration;
			buildSettings = {
				ASSETCATALOG_COMPILER_APPICON_NAME = AppIcon;
				ASSETCATALOG_COMPILER_GLOBAL_ACCENT_COLOR_NAME = AccentColor;
				CODE_SIGN_STYLE = Automatic;
				CURRENT_PROJECT_VERSION = 1;
				DEVELOPMENT_TEAM = UL3RBMBKF2;
				GENERATE_INFOPLIST_FILE = YES;
				INFOPLIST_FILE = FeaturedCollectionViewLayout/Info.plist;
				INFOPLIST_KEY_UIApplicationSupportsIndirectInputEvents = YES;
				INFOPLIST_KEY_UILaunchStoryboardName = LaunchScreen;
				INFOPLIST_KEY_UIMainStoryboardFile = Main;
				INFOPLIST_KEY_UISupportedInterfaceOrientations_iPad = "UIInterfaceOrientationPortrait UIInterfaceOrientationPortraitUpsideDown UIInterfaceOrientationLandscapeLeft UIInterfaceOrientationLandscapeRight";
				INFOPLIST_KEY_UISupportedInterfaceOrientations_iPhone = "UIInterfaceOrientationPortrait UIInterfaceOrientationLandscapeLeft UIInterfaceOrientationLandscapeRight";
				LD_RUNPATH_SEARCH_PATHS = (
					"$(inherited)",
					"@executable_path/Frameworks",
				);
				MARKETING_VERSION = 1.0;
				PRODUCT_BUNDLE_IDENTIFIER = com.test.FeaturedCollectionViewLayout;
				PRODUCT_NAME = "$(TARGET_NAME)";
				SWIFT_EMIT_LOC_STRINGS = YES;
				SWIFT_VERSION = 5.0;
				TARGETED_DEVICE_FAMILY = "1,2";
			};
			name = Debug;
		};
		BB8AF267270A80B600BD0695 /* Release */ = {
			isa = XCBuildConfiguration;
			buildSettings = {
				ASSETCATALOG_COMPILER_APPICON_NAME = AppIcon;
				ASSETCATALOG_COMPILER_GLOBAL_ACCENT_COLOR_NAME = AccentColor;
				CODE_SIGN_STYLE = Automatic;
				CURRENT_PROJECT_VERSION = 1;
				DEVELOPMENT_TEAM = UL3RBMBKF2;
				GENERATE_INFOPLIST_FILE = YES;
				INFOPLIST_FILE = FeaturedCollectionViewLayout/Info.plist;
				INFOPLIST_KEY_UIApplicationSupportsIndirectInputEvents = YES;
				INFOPLIST_KEY_UILaunchStoryboardName = LaunchScreen;
				INFOPLIST_KEY_UIMainStoryboardFile = Main;
				INFOPLIST_KEY_UISupportedInterfaceOrientations_iPad = "UIInterfaceOrientationPortrait UIInterfaceOrientationPortraitUpsideDown UIInterfaceOrientationLandscapeLeft UIInterfaceOrientationLandscapeRight";
				INFOPLIST_KEY_UISupportedInterfaceOrientations_iPhone = "UIInterfaceOrientationPortrait UIInterfaceOrientationLandscapeLeft UIInterfaceOrientationLandscapeRight";
				LD_RUNPATH_SEARCH_PATHS = (
					"$(inherited)",
					"@executable_path/Frameworks",
				);
				MARKETING_VERSION = 1.0;
				PRODUCT_BUNDLE_IDENTIFIER = com.test.FeaturedCollectionViewLayout;
				PRODUCT_NAME = "$(TARGET_NAME)";
				SWIFT_EMIT_LOC_STRINGS = YES;
				SWIFT_VERSION = 5.0;
				TARGETED_DEVICE_FAMILY = "1,2";
			};
			name = Release;
		};
/* End XCBuildConfiguration section */

/* Begin XCConfigurationList section */
		BB8AF24C270A80B500BD0695 /* Build configuration list for PBXProject "FeaturedCollectionViewLayout" */ = {
			isa = XCConfigurationList;
			buildConfigurations = (
				BB8AF263270A80B600BD0695 /* Debug */,
				BB8AF264270A80B600BD0695 /* Release */,
			);
			defaultConfigurationIsVisible = 0;
			defaultConfigurationName = Release;
		};
		BB8AF265270A80B600BD0695 /* Build configuration list for PBXNativeTarget "FeaturedCollectionViewLayout" */ = {
			isa = XCConfigurationList;
			buildConfigurations = (
				BB8AF266270A80B600BD0695 /* Debug */,
				BB8AF267270A80B600BD0695 /* Release */,
			);
			defaultConfigurationIsVisible = 0;
			defaultConfigurationName = Release;
		};
/* End XCConfigurationList section */
	};
	rootObject = BB8AF249270A80B500BD0695 /* Project object */;
}
